// !$*UTF8*$!
{
	archiveVersion = 1;
	classes = {
	};
	objectVersion = 56;
	objects = {

/* Begin PBXBuildFile section */
		FB13EC392AE85A9C0088AAE1 /* KeychainHelper.swift in Sources */ = {isa = PBXBuildFile; fileRef = FB13EC382AE85A9C0088AAE1 /* KeychainHelper.swift */; };
		FB1C317E2AD9C6E300965B4B /* TECuidoApp.swift in Sources */ = {isa = PBXBuildFile; fileRef = FB1C317D2AD9C6E300965B4B /* TECuidoApp.swift */; };
		FB1C31822AD9C6E400965B4B /* Assets.xcassets in Resources */ = {isa = PBXBuildFile; fileRef = FB1C31812AD9C6E400965B4B /* Assets.xcassets */; };
		FB1C31852AD9C6E400965B4B /* Preview Assets.xcassets in Resources */ = {isa = PBXBuildFile; fileRef = FB1C31842AD9C6E400965B4B /* Preview Assets.xcassets */; };
		FB1C318C2AD9C6F500965B4B /* LoginView.swift in Sources */ = {isa = PBXBuildFile; fileRef = FB1C318B2AD9C6F500965B4B /* LoginView.swift */; };
		FB1C318E2AD9C71700965B4B /* RegistroView.swift in Sources */ = {isa = PBXBuildFile; fileRef = FB1C318D2AD9C71700965B4B /* RegistroView.swift */; };
		FB1C31902AD9C73E00965B4B /* HomeView.swift in Sources */ = {isa = PBXBuildFile; fileRef = FB1C318F2AD9C73E00965B4B /* HomeView.swift */; };
		FB2A93092AE34ADF008E6FB1 /* TipoUsuario.swift in Sources */ = {isa = PBXBuildFile; fileRef = FB2A93082AE34ADF008E6FB1 /* TipoUsuario.swift */; };
		FB2B44BC2ADE2A2F00D2CD9E /* AuthManager.swift in Sources */ = {isa = PBXBuildFile; fileRef = FB2B44BB2ADE2A2F00D2CD9E /* AuthManager.swift */; };
		FB48C0502ADDEB53000FF522 /* TECuidoView.swift in Sources */ = {isa = PBXBuildFile; fileRef = FB48C04F2ADDEB53000FF522 /* TECuidoView.swift */; };
		FB5756532AE329930058D60C /* APIResponseModel.swift in Sources */ = {isa = PBXBuildFile; fileRef = FB5756522AE329930058D60C /* APIResponseModel.swift */; };
		FB60F5012ADA17FF001E430D /* LoginViewModel.swift in Sources */ = {isa = PBXBuildFile; fileRef = FB60F5002ADA17FF001E430D /* LoginViewModel.swift */; };
		FB60F5032ADA1829001E430D /* UsuarioModel.swift in Sources */ = {isa = PBXBuildFile; fileRef = FB60F5022ADA1829001E430D /* UsuarioModel.swift */; };
		FB656C522AE05F0300543B12 /* AlertEmergenciasView.swift in Sources */ = {isa = PBXBuildFile; fileRef = FB656C512AE05F0300543B12 /* AlertEmergenciasView.swift */; };
		FB656C562AE05F7100543B12 /* EstatusEmergenciaView.swift in Sources */ = {isa = PBXBuildFile; fileRef = FB656C552AE05F7100543B12 /* EstatusEmergenciaView.swift */; };
		FB656C582AE05F9D00543B12 /* MandarEmergenciaView.swift in Sources */ = {isa = PBXBuildFile; fileRef = FB656C572AE05F9D00543B12 /* MandarEmergenciaView.swift */; };
		FB6A2EFF2ADA002C00122000 /* SinEmergenciasView.swift in Sources */ = {isa = PBXBuildFile; fileRef = FB6A2EFE2ADA002C00122000 /* SinEmergenciasView.swift */; };
		FB6A2F032ADA0C9700122000 /* EmergenciasView.swift in Sources */ = {isa = PBXBuildFile; fileRef = FB6A2F022ADA0C9700122000 /* EmergenciasView.swift */; };
		FB883A4B2AE335E6006BB824 /* TipoCuentaView.swift in Sources */ = {isa = PBXBuildFile; fileRef = FB883A4A2AE335E6006BB824 /* TipoCuentaView.swift */; };
		FB999B5F2AE1D93E0018C268 /* ListaContactosView.swift in Sources */ = {isa = PBXBuildFile; fileRef = FB999B5E2AE1D93E0018C268 /* ListaContactosView.swift */; };
		FB999B612AE1D9590018C268 /* ContactosDetallesView.swift in Sources */ = {isa = PBXBuildFile; fileRef = FB999B602AE1D9590018C268 /* ContactosDetallesView.swift */; };
		FB999B632AE1D96B0018C268 /* GruposView.swift in Sources */ = {isa = PBXBuildFile; fileRef = FB999B622AE1D96B0018C268 /* GruposView.swift */; };
		FB999B652AE1D9830018C268 /* GruposDetallesView.swift in Sources */ = {isa = PBXBuildFile; fileRef = FB999B642AE1D9830018C268 /* GruposDetallesView.swift */; };
		FB999B692AE1E4AC0018C268 /* ContactoViewModel.swift in Sources */ = {isa = PBXBuildFile; fileRef = FB999B682AE1E4AC0018C268 /* ContactoViewModel.swift */; };
		FB9A48022ADEFE2B00BC4AC6 /* WebService.swift in Sources */ = {isa = PBXBuildFile; fileRef = FB9A48012ADEFE2B00BC4AC6 /* WebService.swift */; };
		FB9CF8832AE20F2600A88FDE /* ContactoModel.swift in Sources */ = {isa = PBXBuildFile; fileRef = FB9CF8822AE20F2600A88FDE /* ContactoModel.swift */; };
		FB9CF8872AE2191C00A88FDE /* GrupoViewModel.swift in Sources */ = {isa = PBXBuildFile; fileRef = FB9CF8862AE2191C00A88FDE /* GrupoViewModel.swift */; };
		FB9CF8892AE2196B00A88FDE /* GrupoModel.swift in Sources */ = {isa = PBXBuildFile; fileRef = FB9CF8882AE2196B00A88FDE /* GrupoModel.swift */; };
		FBB8EC642AE1D5E800D8766C /* ContactosView.swift in Sources */ = {isa = PBXBuildFile; fileRef = FBB8EC632AE1D5E800D8766C /* ContactosView.swift */; };
		FBD9C6F92ADF75B100A436FA /* RegistroViewModel.swift in Sources */ = {isa = PBXBuildFile; fileRef = FBD9C6F82ADF75B100A436FA /* RegistroViewModel.swift */; };
/* End PBXBuildFile section */

/* Begin PBXFileReference section */
		FB13EC382AE85A9C0088AAE1 /* KeychainHelper.swift */ = {isa = PBXFileReference; lastKnownFileType = sourcecode.swift; path = KeychainHelper.swift; sourceTree = "<group>"; };
		FB1C317A2AD9C6E200965B4B /* TECuido.app */ = {isa = PBXFileReference; explicitFileType = wrapper.application; includeInIndex = 0; path = TECuido.app; sourceTree = BUILT_PRODUCTS_DIR; };
		FB1C317D2AD9C6E300965B4B /* TECuidoApp.swift */ = {isa = PBXFileReference; lastKnownFileType = sourcecode.swift; path = TECuidoApp.swift; sourceTree = "<group>"; };
		FB1C31812AD9C6E400965B4B /* Assets.xcassets */ = {isa = PBXFileReference; lastKnownFileType = folder.assetcatalog; path = Assets.xcassets; sourceTree = "<group>"; };
		FB1C31842AD9C6E400965B4B /* Preview Assets.xcassets */ = {isa = PBXFileReference; lastKnownFileType = folder.assetcatalog; path = "Preview Assets.xcassets"; sourceTree = "<group>"; };
		FB1C318B2AD9C6F500965B4B /* LoginView.swift */ = {isa = PBXFileReference; lastKnownFileType = sourcecode.swift; path = LoginView.swift; sourceTree = "<group>"; };
		FB1C318D2AD9C71700965B4B /* RegistroView.swift */ = {isa = PBXFileReference; lastKnownFileType = sourcecode.swift; path = RegistroView.swift; sourceTree = "<group>"; };
		FB1C318F2AD9C73E00965B4B /* HomeView.swift */ = {isa = PBXFileReference; lastKnownFileType = sourcecode.swift; path = HomeView.swift; sourceTree = "<group>"; };
		FB2A93082AE34ADF008E6FB1 /* TipoUsuario.swift */ = {isa = PBXFileReference; lastKnownFileType = sourcecode.swift; path = TipoUsuario.swift; sourceTree = "<group>"; };
		FB2B44BB2ADE2A2F00D2CD9E /* AuthManager.swift */ = {isa = PBXFileReference; lastKnownFileType = sourcecode.swift; path = AuthManager.swift; sourceTree = "<group>"; };
		FB48C04F2ADDEB53000FF522 /* TECuidoView.swift */ = {isa = PBXFileReference; lastKnownFileType = sourcecode.swift; path = TECuidoView.swift; sourceTree = "<group>"; };
		FB5756522AE329930058D60C /* APIResponseModel.swift */ = {isa = PBXFileReference; lastKnownFileType = sourcecode.swift; path = APIResponseModel.swift; sourceTree = "<group>"; };
		FB60F5002ADA17FF001E430D /* LoginViewModel.swift */ = {isa = PBXFileReference; lastKnownFileType = sourcecode.swift; path = LoginViewModel.swift; sourceTree = "<group>"; };
		FB60F5022ADA1829001E430D /* UsuarioModel.swift */ = {isa = PBXFileReference; lastKnownFileType = sourcecode.swift; path = UsuarioModel.swift; sourceTree = "<group>"; };
		FB656C512AE05F0300543B12 /* AlertEmergenciasView.swift */ = {isa = PBXFileReference; lastKnownFileType = sourcecode.swift; path = AlertEmergenciasView.swift; sourceTree = "<group>"; };
		FB656C552AE05F7100543B12 /* EstatusEmergenciaView.swift */ = {isa = PBXFileReference; lastKnownFileType = sourcecode.swift; path = EstatusEmergenciaView.swift; sourceTree = "<group>"; };
		FB656C572AE05F9D00543B12 /* MandarEmergenciaView.swift */ = {isa = PBXFileReference; lastKnownFileType = sourcecode.swift; path = MandarEmergenciaView.swift; sourceTree = "<group>"; };
		FB6A2EFE2ADA002C00122000 /* SinEmergenciasView.swift */ = {isa = PBXFileReference; lastKnownFileType = sourcecode.swift; path = SinEmergenciasView.swift; sourceTree = "<group>"; };
		FB6A2F022ADA0C9700122000 /* EmergenciasView.swift */ = {isa = PBXFileReference; lastKnownFileType = sourcecode.swift; path = EmergenciasView.swift; sourceTree = "<group>"; };
		FB883A4A2AE335E6006BB824 /* TipoCuentaView.swift */ = {isa = PBXFileReference; lastKnownFileType = sourcecode.swift; path = TipoCuentaView.swift; sourceTree = "<group>"; };
		FB999B5E2AE1D93E0018C268 /* ListaContactosView.swift */ = {isa = PBXFileReference; lastKnownFileType = sourcecode.swift; path = ListaContactosView.swift; sourceTree = "<group>"; };
		FB999B602AE1D9590018C268 /* ContactosDetallesView.swift */ = {isa = PBXFileReference; lastKnownFileType = sourcecode.swift; path = ContactosDetallesView.swift; sourceTree = "<group>"; };
		FB999B622AE1D96B0018C268 /* GruposView.swift */ = {isa = PBXFileReference; lastKnownFileType = sourcecode.swift; path = GruposView.swift; sourceTree = "<group>"; };
		FB999B642AE1D9830018C268 /* GruposDetallesView.swift */ = {isa = PBXFileReference; lastKnownFileType = sourcecode.swift; path = GruposDetallesView.swift; sourceTree = "<group>"; };
		FB999B682AE1E4AC0018C268 /* ContactoViewModel.swift */ = {isa = PBXFileReference; lastKnownFileType = sourcecode.swift; path = ContactoViewModel.swift; sourceTree = "<group>"; };
		FB9A48012ADEFE2B00BC4AC6 /* WebService.swift */ = {isa = PBXFileReference; lastKnownFileType = sourcecode.swift; path = WebService.swift; sourceTree = "<group>"; };
		FB9CF8822AE20F2600A88FDE /* ContactoModel.swift */ = {isa = PBXFileReference; lastKnownFileType = sourcecode.swift; path = ContactoModel.swift; sourceTree = "<group>"; };
		FB9CF8862AE2191C00A88FDE /* GrupoViewModel.swift */ = {isa = PBXFileReference; lastKnownFileType = sourcecode.swift; path = GrupoViewModel.swift; sourceTree = "<group>"; };
		FB9CF8882AE2196B00A88FDE /* GrupoModel.swift */ = {isa = PBXFileReference; lastKnownFileType = sourcecode.swift; path = GrupoModel.swift; sourceTree = "<group>"; };
		FBB8EC632AE1D5E800D8766C /* ContactosView.swift */ = {isa = PBXFileReference; lastKnownFileType = sourcecode.swift; path = ContactosView.swift; sourceTree = "<group>"; };
		FBD9C6F82ADF75B100A436FA /* RegistroViewModel.swift */ = {isa = PBXFileReference; lastKnownFileType = sourcecode.swift; path = RegistroViewModel.swift; sourceTree = "<group>"; };
/* End PBXFileReference section */

/* Begin PBXFrameworksBuildPhase section */
		FB1C31772AD9C6E200965B4B /* Frameworks */ = {
			isa = PBXFrameworksBuildPhase;
			buildActionMask = 2147483647;
			files = (
			);
			runOnlyForDeploymentPostprocessing = 0;
		};
/* End PBXFrameworksBuildPhase section */

/* Begin PBXGroup section */
		FB1C31712AD9C6E200965B4B = {
			isa = PBXGroup;
			children = (
				FB1C317C2AD9C6E200965B4B /* TECuido */,
				FB1C317B2AD9C6E200965B4B /* Products */,
			);
			sourceTree = "<group>";
		};
		FB1C317B2AD9C6E200965B4B /* Products */ = {
			isa = PBXGroup;
			children = (
				FB1C317A2AD9C6E200965B4B /* TECuido.app */,
			);
			name = Products;
			sourceTree = "<group>";
		};
		FB1C317C2AD9C6E200965B4B /* TECuido */ = {
			isa = PBXGroup;
			children = (
				FB9A48002ADEFE1600BC4AC6 /* Services */,
				FBA831312ADE29A4001EAEAE /* AuthUtils */,
				FBA831302ADE298A001EAEAE /* Model */,
				FBA8312F2ADE286A001EAEAE /* ViewModel */,
				FBA8312E2ADE280A001EAEAE /* Views */,
				FB1C317D2AD9C6E300965B4B /* TECuidoApp.swift */,
				FB1C31812AD9C6E400965B4B /* Assets.xcassets */,
				FB1C31832AD9C6E400965B4B /* Preview Content */,
			);
			path = TECuido;
			sourceTree = "<group>";
		};
		FB1C31832AD9C6E400965B4B /* Preview Content */ = {
			isa = PBXGroup;
			children = (
				FB1C31842AD9C6E400965B4B /* Preview Assets.xcassets */,
			);
			path = "Preview Content";
			sourceTree = "<group>";
		};
		FB9A48002ADEFE1600BC4AC6 /* Services */ = {
			isa = PBXGroup;
			children = (
				FB9A48012ADEFE2B00BC4AC6 /* WebService.swift */,
			);
			path = Services;
			sourceTree = "<group>";
		};
		FBA8312E2ADE280A001EAEAE /* Views */ = {
			isa = PBXGroup;
			children = (
				FB1C318D2AD9C71700965B4B /* RegistroView.swift */,
				FB6A2EFE2ADA002C00122000 /* SinEmergenciasView.swift */,
				FB48C04F2ADDEB53000FF522 /* TECuidoView.swift */,
				FB6A2F022ADA0C9700122000 /* EmergenciasView.swift */,
				FB1C318F2AD9C73E00965B4B /* HomeView.swift */,
				FB1C318B2AD9C6F500965B4B /* LoginView.swift */,
				FB656C512AE05F0300543B12 /* AlertEmergenciasView.swift */,
				FB656C552AE05F7100543B12 /* EstatusEmergenciaView.swift */,
				FB656C572AE05F9D00543B12 /* MandarEmergenciaView.swift */,
				FBB8EC632AE1D5E800D8766C /* ContactosView.swift */,
				FB999B5E2AE1D93E0018C268 /* ListaContactosView.swift */,
				FB999B602AE1D9590018C268 /* ContactosDetallesView.swift */,
				FB999B622AE1D96B0018C268 /* GruposView.swift */,
				FB999B642AE1D9830018C268 /* GruposDetallesView.swift */,
				FB883A4A2AE335E6006BB824 /* TipoCuentaView.swift */,
			);
			path = Views;
			sourceTree = "<group>";
		};
		FBA8312F2ADE286A001EAEAE /* ViewModel */ = {
			isa = PBXGroup;
			children = (
				FB60F5002ADA17FF001E430D /* LoginViewModel.swift */,
				FBD9C6F82ADF75B100A436FA /* RegistroViewModel.swift */,
				FB999B682AE1E4AC0018C268 /* ContactoViewModel.swift */,
				FB9CF8862AE2191C00A88FDE /* GrupoViewModel.swift */,
			);
			path = ViewModel;
			sourceTree = "<group>";
		};
		FBA831302ADE298A001EAEAE /* Model */ = {
			isa = PBXGroup;
			children = (
				FB60F5022ADA1829001E430D /* UsuarioModel.swift */,
				FB9CF8822AE20F2600A88FDE /* ContactoModel.swift */,
				FB9CF8882AE2196B00A88FDE /* GrupoModel.swift */,
				FB5756522AE329930058D60C /* APIResponseModel.swift */,
				FB2A93082AE34ADF008E6FB1 /* TipoUsuario.swift */,
			);
			path = Model;
			sourceTree = "<group>";
		};
		FBA831312ADE29A4001EAEAE /* AuthUtils */ = {
			isa = PBXGroup;
			children = (
				FB2B44BB2ADE2A2F00D2CD9E /* AuthManager.swift */,
				FB13EC382AE85A9C0088AAE1 /* KeychainHelper.swift */,
			);
			path = AuthUtils;
			sourceTree = "<group>";
		};
/* End PBXGroup section */

/* Begin PBXNativeTarget section */
		FB1C31792AD9C6E200965B4B /* TECuido */ = {
			isa = PBXNativeTarget;
			buildConfigurationList = FB1C31882AD9C6E400965B4B /* Build configuration list for PBXNativeTarget "TECuido" */;
			buildPhases = (
				FB1C31762AD9C6E200965B4B /* Sources */,
				FB1C31772AD9C6E200965B4B /* Frameworks */,
				FB1C31782AD9C6E200965B4B /* Resources */,
			);
			buildRules = (
			);
			dependencies = (
			);
			name = TECuido;
			productName = TECuido;
			productReference = FB1C317A2AD9C6E200965B4B /* TECuido.app */;
			productType = "com.apple.product-type.application";
		};
/* End PBXNativeTarget section */

/* Begin PBXProject section */
		FB1C31722AD9C6E200965B4B /* Project object */ = {
			isa = PBXProject;
			attributes = {
				BuildIndependentTargetsInParallel = 1;
				LastSwiftUpdateCheck = 1430;
				LastUpgradeCheck = 1430;
				TargetAttributes = {
					FB1C31792AD9C6E200965B4B = {
						CreatedOnToolsVersion = 14.3.1;
					};
				};
			};
			buildConfigurationList = FB1C31752AD9C6E200965B4B /* Build configuration list for PBXProject "TECuido" */;
			compatibilityVersion = "Xcode 14.0";
			developmentRegion = en;
			hasScannedForEncodings = 0;
			knownRegions = (
				en,
				Base,
			);
			mainGroup = FB1C31712AD9C6E200965B4B;
			productRefGroup = FB1C317B2AD9C6E200965B4B /* Products */;
			projectDirPath = "";
			projectRoot = "";
			targets = (
				FB1C31792AD9C6E200965B4B /* TECuido */,
			);
		};
/* End PBXProject section */

/* Begin PBXResourcesBuildPhase section */
		FB1C31782AD9C6E200965B4B /* Resources */ = {
			isa = PBXResourcesBuildPhase;
			buildActionMask = 2147483647;
			files = (
				FB1C31852AD9C6E400965B4B /* Preview Assets.xcassets in Resources */,
				FB1C31822AD9C6E400965B4B /* Assets.xcassets in Resources */,
			);
			runOnlyForDeploymentPostprocessing = 0;
		};
/* End PBXResourcesBuildPhase section */

/* Begin PBXSourcesBuildPhase section */
		FB1C31762AD9C6E200965B4B /* Sources */ = {
			isa = PBXSourcesBuildPhase;
			buildActionMask = 2147483647;
			files = (
				FB9CF8872AE2191C00A88FDE /* GrupoViewModel.swift in Sources */,
				FB1C318C2AD9C6F500965B4B /* LoginView.swift in Sources */,
				FB883A4B2AE335E6006BB824 /* TipoCuentaView.swift in Sources */,
				FB656C522AE05F0300543B12 /* AlertEmergenciasView.swift in Sources */,
				FB2B44BC2ADE2A2F00D2CD9E /* AuthManager.swift in Sources */,
				FB9A48022ADEFE2B00BC4AC6 /* WebService.swift in Sources */,
				FBD9C6F92ADF75B100A436FA /* RegistroViewModel.swift in Sources */,
				FB656C582AE05F9D00543B12 /* MandarEmergenciaView.swift in Sources */,
				FB9CF8832AE20F2600A88FDE /* ContactoModel.swift in Sources */,
				FB999B632AE1D96B0018C268 /* GruposView.swift in Sources */,
				FB9CF8892AE2196B00A88FDE /* GrupoModel.swift in Sources */,
				FB13EC392AE85A9C0088AAE1 /* KeychainHelper.swift in Sources */,
				FB1C317E2AD9C6E300965B4B /* TECuidoApp.swift in Sources */,
				FBB8EC642AE1D5E800D8766C /* ContactosView.swift in Sources */,
				FB2A93092AE34ADF008E6FB1 /* TipoUsuario.swift in Sources */,
				FB6A2EFF2ADA002C00122000 /* SinEmergenciasView.swift in Sources */,
				FB1C31902AD9C73E00965B4B /* HomeView.swift in Sources */,
				FB656C562AE05F7100543B12 /* EstatusEmergenciaView.swift in Sources */,
				FB999B652AE1D9830018C268 /* GruposDetallesView.swift in Sources */,
				FB60F5012ADA17FF001E430D /* LoginViewModel.swift in Sources */,
				FB999B692AE1E4AC0018C268 /* ContactoViewModel.swift in Sources */,
				FB5756532AE329930058D60C /* APIResponseModel.swift in Sources */,
				FB1C318E2AD9C71700965B4B /* RegistroView.swift in Sources */,
				FB999B612AE1D9590018C268 /* ContactosDetallesView.swift in Sources */,
				FB999B5F2AE1D93E0018C268 /* ListaContactosView.swift in Sources */,
				FB48C0502ADDEB53000FF522 /* TECuidoView.swift in Sources */,
				FB60F5032ADA1829001E430D /* UsuarioModel.swift in Sources */,
				FB6A2F032ADA0C9700122000 /* EmergenciasView.swift in Sources */,
			);
			runOnlyForDeploymentPostprocessing = 0;
		};
/* End PBXSourcesBuildPhase section */

/* Begin XCBuildConfiguration section */
		FB1C31862AD9C6E400965B4B /* Debug */ = {
			isa = XCBuildConfiguration;
			buildSettings = {
				ALWAYS_SEARCH_USER_PATHS = NO;
				CLANG_ANALYZER_NONNULL = YES;
				CLANG_ANALYZER_NUMBER_OBJECT_CONVERSION = YES_AGGRESSIVE;
				CLANG_CXX_LANGUAGE_STANDARD = "gnu++20";
				CLANG_ENABLE_MODULES = YES;
				CLANG_ENABLE_OBJC_ARC = YES;
				CLANG_ENABLE_OBJC_WEAK = YES;
				CLANG_WARN_BLOCK_CAPTURE_AUTORELEASING = YES;
				CLANG_WARN_BOOL_CONVERSION = YES;
				CLANG_WARN_COMMA = YES;
				CLANG_WARN_CONSTANT_CONVERSION = YES;
				CLANG_WARN_DEPRECATED_OBJC_IMPLEMENTATIONS = YES;
				CLANG_WARN_DIRECT_OBJC_ISA_USAGE = YES_ERROR;
				CLANG_WARN_DOCUMENTATION_COMMENTS = YES;
				CLANG_WARN_EMPTY_BODY = YES;
				CLANG_WARN_ENUM_CONVERSION = YES;
				CLANG_WARN_INFINITE_RECURSION = YES;
				CLANG_WARN_INT_CONVERSION = YES;
				CLANG_WARN_NON_LITERAL_NULL_CONVERSION = YES;
				CLANG_WARN_OBJC_IMPLICIT_RETAIN_SELF = YES;
				CLANG_WARN_OBJC_LITERAL_CONVERSION = YES;
				CLANG_WARN_OBJC_ROOT_CLASS = YES_ERROR;
				CLANG_WARN_QUOTED_INCLUDE_IN_FRAMEWORK_HEADER = YES;
				CLANG_WARN_RANGE_LOOP_ANALYSIS = YES;
				CLANG_WARN_STRICT_PROTOTYPES = YES;
				CLANG_WARN_SUSPICIOUS_MOVE = YES;
				CLANG_WARN_UNGUARDED_AVAILABILITY = YES_AGGRESSIVE;
				CLANG_WARN_UNREACHABLE_CODE = YES;
				CLANG_WARN__DUPLICATE_METHOD_MATCH = YES;
				COPY_PHASE_STRIP = NO;
				DEBUG_INFORMATION_FORMAT = dwarf;
				ENABLE_STRICT_OBJC_MSGSEND = YES;
				ENABLE_TESTABILITY = YES;
				GCC_C_LANGUAGE_STANDARD = gnu11;
				GCC_DYNAMIC_NO_PIC = NO;
				GCC_NO_COMMON_BLOCKS = YES;
				GCC_OPTIMIZATION_LEVEL = 0;
				GCC_PREPROCESSOR_DEFINITIONS = (
					"DEBUG=1",
					"$(inherited)",
				);
				GCC_WARN_64_TO_32_BIT_CONVERSION = YES;
				GCC_WARN_ABOUT_RETURN_TYPE = YES_ERROR;
				GCC_WARN_UNDECLARED_SELECTOR = YES;
				GCC_WARN_UNINITIALIZED_AUTOS = YES_AGGRESSIVE;
				GCC_WARN_UNUSED_FUNCTION = YES;
				GCC_WARN_UNUSED_VARIABLE = YES;
				IPHONEOS_DEPLOYMENT_TARGET = 16.4;
				MTL_ENABLE_DEBUG_INFO = INCLUDE_SOURCE;
				MTL_FAST_MATH = YES;
				ONLY_ACTIVE_ARCH = YES;
				SDKROOT = iphoneos;
				SWIFT_ACTIVE_COMPILATION_CONDITIONS = DEBUG;
				SWIFT_OPTIMIZATION_LEVEL = "-Onone";
			};
			name = Debug;
		};
		FB1C31872AD9C6E400965B4B /* Release */ = {
			isa = XCBuildConfiguration;
			buildSettings = {
				ALWAYS_SEARCH_USER_PATHS = NO;
				CLANG_ANALYZER_NONNULL = YES;
				CLANG_ANALYZER_NUMBER_OBJECT_CONVERSION = YES_AGGRESSIVE;
				CLANG_CXX_LANGUAGE_STANDARD = "gnu++20";
				CLANG_ENABLE_MODULES = YES;
				CLANG_ENABLE_OBJC_ARC = YES;
				CLANG_ENABLE_OBJC_WEAK = YES;
				CLANG_WARN_BLOCK_CAPTURE_AUTORELEASING = YES;
				CLANG_WARN_BOOL_CONVERSION = YES;
				CLANG_WARN_COMMA = YES;
				CLANG_WARN_CONSTANT_CONVERSION = YES;
				CLANG_WARN_DEPRECATED_OBJC_IMPLEMENTATIONS = YES;
				CLANG_WARN_DIRECT_OBJC_ISA_USAGE = YES_ERROR;
				CLANG_WARN_DOCUMENTATION_COMMENTS = YES;
				CLANG_WARN_EMPTY_BODY = YES;
				CLANG_WARN_ENUM_CONVERSION = YES;
				CLANG_WARN_INFINITE_RECURSION = YES;
				CLANG_WARN_INT_CONVERSION = YES;
				CLANG_WARN_NON_LITERAL_NULL_CONVERSION = YES;
				CLANG_WARN_OBJC_IMPLICIT_RETAIN_SELF = YES;
				CLANG_WARN_OBJC_LITERAL_CONVERSION = YES;
				CLANG_WARN_OBJC_ROOT_CLASS = YES_ERROR;
				CLANG_WARN_QUOTED_INCLUDE_IN_FRAMEWORK_HEADER = YES;
				CLANG_WARN_RANGE_LOOP_ANALYSIS = YES;
				CLANG_WARN_STRICT_PROTOTYPES = YES;
				CLANG_WARN_SUSPICIOUS_MOVE = YES;
				CLANG_WARN_UNGUARDED_AVAILABILITY = YES_AGGRESSIVE;
				CLANG_WARN_UNREACHABLE_CODE = YES;
				CLANG_WARN__DUPLICATE_METHOD_MATCH = YES;
				COPY_PHASE_STRIP = NO;
				DEBUG_INFORMATION_FORMAT = "dwarf-with-dsym";
				ENABLE_NS_ASSERTIONS = NO;
				ENABLE_STRICT_OBJC_MSGSEND = YES;
				GCC_C_LANGUAGE_STANDARD = gnu11;
				GCC_NO_COMMON_BLOCKS = YES;
				GCC_WARN_64_TO_32_BIT_CONVERSION = YES;
				GCC_WARN_ABOUT_RETURN_TYPE = YES_ERROR;
				GCC_WARN_UNDECLARED_SELECTOR = YES;
				GCC_WARN_UNINITIALIZED_AUTOS = YES_AGGRESSIVE;
				GCC_WARN_UNUSED_FUNCTION = YES;
				GCC_WARN_UNUSED_VARIABLE = YES;
				IPHONEOS_DEPLOYMENT_TARGET = 16.4;
				MTL_ENABLE_DEBUG_INFO = NO;
				MTL_FAST_MATH = YES;
				SDKROOT = iphoneos;
				SWIFT_COMPILATION_MODE = wholemodule;
				SWIFT_OPTIMIZATION_LEVEL = "-O";
				VALIDATE_PRODUCT = YES;
			};
			name = Release;
		};
		FB1C31892AD9C6E400965B4B /* Debug */ = {
			isa = XCBuildConfiguration;
			buildSettings = {
				ASSETCATALOG_COMPILER_APPICON_NAME = AppIcon;
				ASSETCATALOG_COMPILER_GLOBAL_ACCENT_COLOR_NAME = AccentColor;
				CODE_SIGN_STYLE = Automatic;
				CURRENT_PROJECT_VERSION = 1;
				DEVELOPMENT_ASSET_PATHS = "\"TECuido/Preview Content\"";
				ENABLE_PREVIEWS = YES;
				GENERATE_INFOPLIST_FILE = YES;
				INFOPLIST_KEY_UIApplicationSceneManifest_Generation = YES;
				INFOPLIST_KEY_UIApplicationSupportsIndirectInputEvents = YES;
				INFOPLIST_KEY_UILaunchScreen_Generation = YES;
				INFOPLIST_KEY_UISupportedInterfaceOrientations_iPad = "UIInterfaceOrientationPortrait UIInterfaceOrientationPortraitUpsideDown UIInterfaceOrientationLandscapeLeft UIInterfaceOrientationLandscapeRight";
				INFOPLIST_KEY_UISupportedInterfaceOrientations_iPhone = "UIInterfaceOrientationPortrait UIInterfaceOrientationLandscapeLeft UIInterfaceOrientationLandscapeRight";
				LD_RUNPATH_SEARCH_PATHS = (
					"$(inherited)",
					"@executable_path/Frameworks",
				);
				MARKETING_VERSION = 1.0;
				PRODUCT_BUNDLE_IDENTIFIER = com.itesm.TECuido;
				PRODUCT_NAME = "$(TARGET_NAME)";
				SWIFT_EMIT_LOC_STRINGS = YES;
				SWIFT_VERSION = 5.0;
				TARGETED_DEVICE_FAMILY = "1,2";
			};
			name = Debug;
		};
		FB1C318A2AD9C6E400965B4B /* Release */ = {
			isa = XCBuildConfiguration;
			buildSettings = {
				ASSETCATALOG_COMPILER_APPICON_NAME = AppIcon;
				ASSETCATALOG_COMPILER_GLOBAL_ACCENT_COLOR_NAME = AccentColor;
				CODE_SIGN_STYLE = Automatic;
				CURRENT_PROJECT_VERSION = 1;
				DEVELOPMENT_ASSET_PATHS = "\"TECuido/Preview Content\"";
				ENABLE_PREVIEWS = YES;
				GENERATE_INFOPLIST_FILE = YES;
				INFOPLIST_KEY_UIApplicationSceneManifest_Generation = YES;
				INFOPLIST_KEY_UIApplicationSupportsIndirectInputEvents = YES;
				INFOPLIST_KEY_UILaunchScreen_Generation = YES;
				INFOPLIST_KEY_UISupportedInterfaceOrientations_iPad = "UIInterfaceOrientationPortrait UIInterfaceOrientationPortraitUpsideDown UIInterfaceOrientationLandscapeLeft UIInterfaceOrientationLandscapeRight";
				INFOPLIST_KEY_UISupportedInterfaceOrientations_iPhone = "UIInterfaceOrientationPortrait UIInterfaceOrientationLandscapeLeft UIInterfaceOrientationLandscapeRight";
				LD_RUNPATH_SEARCH_PATHS = (
					"$(inherited)",
					"@executable_path/Frameworks",
				);
				MARKETING_VERSION = 1.0;
				PRODUCT_BUNDLE_IDENTIFIER = com.itesm.TECuido;
				PRODUCT_NAME = "$(TARGET_NAME)";
				SWIFT_EMIT_LOC_STRINGS = YES;
				SWIFT_VERSION = 5.0;
				TARGETED_DEVICE_FAMILY = "1,2";
			};
			name = Release;
		};
/* End XCBuildConfiguration section */

/* Begin XCConfigurationList section */
		FB1C31752AD9C6E200965B4B /* Build configuration list for PBXProject "TECuido" */ = {
			isa = XCConfigurationList;
			buildConfigurations = (
				FB1C31862AD9C6E400965B4B /* Debug */,
				FB1C31872AD9C6E400965B4B /* Release */,
			);
			defaultConfigurationIsVisible = 0;
			defaultConfigurationName = Release;
		};
		FB1C31882AD9C6E400965B4B /* Build configuration list for PBXNativeTarget "TECuido" */ = {
			isa = XCConfigurationList;
			buildConfigurations = (
				FB1C31892AD9C6E400965B4B /* Debug */,
				FB1C318A2AD9C6E400965B4B /* Release */,
			);
			defaultConfigurationIsVisible = 0;
			defaultConfigurationName = Release;
		};
/* End XCConfigurationList section */
	};
	rootObject = FB1C31722AD9C6E200965B4B /* Project object */;
}
