// !$*UTF8*$!
{
	archiveVersion = 1;
	classes = {
	};
	objectVersion = 56;
	objects = {

/* Begin PBXBuildFile section */
		C0271A6E2AF33A5A00024BE5 /* DisplayedContentView.swift in Sources */ = {isa = PBXBuildFile; fileRef = C0271A4E2AF33A5900024BE5 /* DisplayedContentView.swift */; };
		C0271A6F2AF33A5A00024BE5 /* PredictiveLabelViewHerida.swift in Sources */ = {isa = PBXBuildFile; fileRef = C0271A4F2AF33A5900024BE5 /* PredictiveLabelViewHerida.swift */; };
		C0271A702AF33A5A00024BE5 /* ModalView.swift in Sources */ = {isa = PBXBuildFile; fileRef = C0271A502AF33A5900024BE5 /* ModalView.swift */; };
		C0271A712AF33A5A00024BE5 /* LesionesView.swift in Sources */ = {isa = PBXBuildFile; fileRef = C0271A512AF33A5900024BE5 /* LesionesView.swift */; };
		C0271A722AF33A5A00024BE5 /* ClassificationView.swift in Sources */ = {isa = PBXBuildFile; fileRef = C0271A522AF33A5900024BE5 /* ClassificationView.swift */; };
		C0271A742AF33A5A00024BE5 /* LiveCameraViewController.swift in Sources */ = {isa = PBXBuildFile; fileRef = C0271A562AF33A5A00024BE5 /* LiveCameraViewController.swift */; };
		C0271A752AF33A5A00024BE5 /* LiveCameraRepresentable.swift in Sources */ = {isa = PBXBuildFile; fileRef = C0271A572AF33A5A00024BE5 /* LiveCameraRepresentable.swift */; };
		C0271A762AF33A5A00024BE5 /* ClassifierViewModel.swift in Sources */ = {isa = PBXBuildFile; fileRef = C0271A592AF33A5A00024BE5 /* ClassifierViewModel.swift */; };
		C0271A772AF33A5A00024BE5 /* RoundedRectButtonStyle.swift in Sources */ = {isa = PBXBuildFile; fileRef = C0271A5A2AF33A5A00024BE5 /* RoundedRectButtonStyle.swift */; };
		C0271A7A2AF33A5A00024BE5 /* Constants.swift in Sources */ = {isa = PBXBuildFile; fileRef = C0271A5E2AF33A5A00024BE5 /* Constants.swift */; };
		C0271A7B2AF33A5A00024BE5 /* Helpers.swift in Sources */ = {isa = PBXBuildFile; fileRef = C0271A5F2AF33A5A00024BE5 /* Helpers.swift */; };
		C0271A7D2AF33A5A00024BE5 /* PredictionStatus.swift in Sources */ = {isa = PBXBuildFile; fileRef = C0271A632AF33A5A00024BE5 /* PredictionStatus.swift */; };
		C0271A7E2AF33A5A00024BE5 /* Wounds.mlmodel in Sources */ = {isa = PBXBuildFile; fileRef = C0271A642AF33A5A00024BE5 /* Wounds.mlmodel */; };
		C0271A7F2AF33A5A00024BE5 /* Bites.mlmodel in Sources */ = {isa = PBXBuildFile; fileRef = C0271A652AF33A5A00024BE5 /* Bites.mlmodel */; };
		C0271A802AF33A5A00024BE5 /* Burns.mlmodel in Sources */ = {isa = PBXBuildFile; fileRef = C0271A662AF33A5A00024BE5 /* Burns.mlmodel */; };
		C0271A812AF33A5A00024BE5 /* ClassificationObject.swift in Sources */ = {isa = PBXBuildFile; fileRef = C0271A682AF33A5A00024BE5 /* ClassificationObject.swift */; };
		C0271A822AF33A5A00024BE5 /* mydata3.json in Resources */ = {isa = PBXBuildFile; fileRef = C0271A692AF33A5A00024BE5 /* mydata3.json */; };
		C0271A832AF33A5A00024BE5 /* mydata2.json in Resources */ = {isa = PBXBuildFile; fileRef = C0271A6A2AF33A5A00024BE5 /* mydata2.json */; };
		C0271A842AF33A5A00024BE5 /* mydata.json in Resources */ = {isa = PBXBuildFile; fileRef = C0271A6B2AF33A5A00024BE5 /* mydata.json */; };
		FB1C317E2AD9C6E300965B4B /* TECuidoApp.swift in Sources */ = {isa = PBXBuildFile; fileRef = FB1C317D2AD9C6E300965B4B /* TECuidoApp.swift */; };
		FB1C31822AD9C6E400965B4B /* Assets.xcassets in Resources */ = {isa = PBXBuildFile; fileRef = FB1C31812AD9C6E400965B4B /* Assets.xcassets */; };
		FB1C31852AD9C6E400965B4B /* Preview Assets.xcassets in Resources */ = {isa = PBXBuildFile; fileRef = FB1C31842AD9C6E400965B4B /* Preview Assets.xcassets */; };
		FB1C318C2AD9C6F500965B4B /* LoginView.swift in Sources */ = {isa = PBXBuildFile; fileRef = FB1C318B2AD9C6F500965B4B /* LoginView.swift */; };
		FB1C318E2AD9C71700965B4B /* RegistroView.swift in Sources */ = {isa = PBXBuildFile; fileRef = FB1C318D2AD9C71700965B4B /* RegistroView.swift */; };
		FB1C31902AD9C73E00965B4B /* HomeView.swift in Sources */ = {isa = PBXBuildFile; fileRef = FB1C318F2AD9C73E00965B4B /* HomeView.swift */; };
		FB2B44BC2ADE2A2F00D2CD9E /* AuthManager.swift in Sources */ = {isa = PBXBuildFile; fileRef = FB2B44BB2ADE2A2F00D2CD9E /* AuthManager.swift */; };
		FB3EB4F62AFD87CE0015FD36 /* LlamadaModel.swift in Sources */ = {isa = PBXBuildFile; fileRef = FB3EB4F52AFD87CE0015FD36 /* LlamadaModel.swift */; };
		FB3EB4F82AFDB51C0015FD36 /* UnirseLlamadasViewModel.swift in Sources */ = {isa = PBXBuildFile; fileRef = FB3EB4F72AFDB51C0015FD36 /* UnirseLlamadasViewModel.swift */; };
		FB3EB4FA2AFDD0320015FD36 /* LlamTView.swift in Sources */ = {isa = PBXBuildFile; fileRef = FB3EB4F92AFDD0320015FD36 /* LlamTView.swift */; };
		FB48C0502ADDEB53000FF522 /* TECuidoView.swift in Sources */ = {isa = PBXBuildFile; fileRef = FB48C04F2ADDEB53000FF522 /* TECuidoView.swift */; };
		FB4D55F22AF3148B00D1C533 /* LlamadasTemporalView.swift in Sources */ = {isa = PBXBuildFile; fileRef = FB4D55F12AF3148B00D1C533 /* LlamadasTemporalView.swift */; };
		FB4D55F42AF3154600D1C533 /* SpeechToTextView.swift in Sources */ = {isa = PBXBuildFile; fileRef = FB4D55F32AF3154600D1C533 /* SpeechToTextView.swift */; };
		FB4D55F62AF3157A00D1C533 /* SpeechRecognizer.swift in Sources */ = {isa = PBXBuildFile; fileRef = FB4D55F52AF3157A00D1C533 /* SpeechRecognizer.swift */; };
		FB4D55F82AF315B800D1C533 /* TextToSpeechView.swift in Sources */ = {isa = PBXBuildFile; fileRef = FB4D55F72AF315B800D1C533 /* TextToSpeechView.swift */; };
		FB4D55FC2AF3166F00D1C533 /* CameraViewController.swift in Sources */ = {isa = PBXBuildFile; fileRef = FB4D55FB2AF3166F00D1C533 /* CameraViewController.swift */; };
		FB4D55FE2AF3169C00D1C533 /* CameraView.swift in Sources */ = {isa = PBXBuildFile; fileRef = FB4D55FD2AF3169C00D1C533 /* CameraView.swift */; };
		FB4D56002AF316C900D1C533 /* EmotionRecognitionView.swift in Sources */ = {isa = PBXBuildFile; fileRef = FB4D55FF2AF316C900D1C533 /* EmotionRecognitionView.swift */; };
		FB4D56042AF8A42A00D1C533 /* AppDelegate.swift in Sources */ = {isa = PBXBuildFile; fileRef = FB4D56032AF8A42A00D1C533 /* AppDelegate.swift */; };
		FB4D560F2AF8A75100D1C533 /* NotificationViewModel.swift in Sources */ = {isa = PBXBuildFile; fileRef = FB4D560E2AF8A75100D1C533 /* NotificationViewModel.swift */; };
		FB4D56132AF8A95400D1C533 /* NotificationTokenModel.swift in Sources */ = {isa = PBXBuildFile; fileRef = FB4D56122AF8A95400D1C533 /* NotificationTokenModel.swift */; };
		FB4D56182AF99C5400D1C533 /* EmergenciaModel.swift in Sources */ = {isa = PBXBuildFile; fileRef = FB4D56172AF99C5400D1C533 /* EmergenciaModel.swift */; };
		FB4D561A2AF9D4D900D1C533 /* MandarEmergenciaViewModel.swift in Sources */ = {isa = PBXBuildFile; fileRef = FB4D56192AF9D4D900D1C533 /* MandarEmergenciaViewModel.swift */; };
		FB4D561E2AF9D91100D1C533 /* CNNEmotions.mlmodel in Sources */ = {isa = PBXBuildFile; fileRef = FB4D561D2AF9D91100D1C533 /* CNNEmotions.mlmodel */; };
		FB4DDF792AF087EA00AAAEB5 /* ListaContactosLlamadaView.swift in Sources */ = {isa = PBXBuildFile; fileRef = FB4DDF782AF087EA00AAAEB5 /* ListaContactosLlamadaView.swift */; };
		FB4DDF7B2AF0886C00AAAEB5 /* ListaContactosLlamadaViewModel.swift in Sources */ = {isa = PBXBuildFile; fileRef = FB4DDF7A2AF0886C00AAAEB5 /* ListaContactosLlamadaViewModel.swift */; };
		FB5F05422B045572005D5403 /* MedicamentoModel.swift in Sources */ = {isa = PBXBuildFile; fileRef = FB5F05412B045571005D5403 /* MedicamentoModel.swift */; };
		FB5F05482B06B696005D5403 /* InfoRecetasView.swift in Sources */ = {isa = PBXBuildFile; fileRef = FB5F05472B06B696005D5403 /* InfoRecetasView.swift */; };
		FB5F054E2B06B73F005D5403 /* PacientesProfileView.swift in Sources */ = {isa = PBXBuildFile; fileRef = FB5F054D2B06B73F005D5403 /* PacientesProfileView.swift */; };
		FB5F05562B06C279005D5403 /* RecetaViewModel.swift in Sources */ = {isa = PBXBuildFile; fileRef = FB5F05552B06C279005D5403 /* RecetaViewModel.swift */; };
		FB5F05582B06C8B5005D5403 /* EditarGrupoViewModel.swift in Sources */ = {isa = PBXBuildFile; fileRef = FB5F05572B06C8B5005D5403 /* EditarGrupoViewModel.swift */; };
		FB5F055A2B06C8EF005D5403 /* EditarGrupoView.swift in Sources */ = {isa = PBXBuildFile; fileRef = FB5F05592B06C8EF005D5403 /* EditarGrupoView.swift */; };
		FB5F055C2B06CB50005D5403 /* MedicamentoDetalleView.swift in Sources */ = {isa = PBXBuildFile; fileRef = FB5F055B2B06CB50005D5403 /* MedicamentoDetalleView.swift */; };
		FB5F055E2B06CCD9005D5403 /* MedicamentoDetalleModel.swift in Sources */ = {isa = PBXBuildFile; fileRef = FB5F055D2B06CCD8005D5403 /* MedicamentoDetalleModel.swift */; };
		FB5F05622B06F000005D5403 /* AgregaRecetaView.swift in Sources */ = {isa = PBXBuildFile; fileRef = FB5F05612B06F000005D5403 /* AgregaRecetaView.swift */; };
		FB5F05642B06F251005D5403 /* CrearRecetaViewModel.swift in Sources */ = {isa = PBXBuildFile; fileRef = FB5F05632B06F251005D5403 /* CrearRecetaViewModel.swift */; };
		FB5F05662B06F552005D5403 /* AgregarMedicamentoView.swift in Sources */ = {isa = PBXBuildFile; fileRef = FB5F05652B06F552005D5403 /* AgregarMedicamentoView.swift */; };
		FB5F056D2B0715FE005D5403 /* RecetasView.swift in Sources */ = {isa = PBXBuildFile; fileRef = FB5F056C2B0715FE005D5403 /* RecetasView.swift */; };
		FB60F5012ADA17FF001E430D /* LoginViewModel.swift in Sources */ = {isa = PBXBuildFile; fileRef = FB60F5002ADA17FF001E430D /* LoginViewModel.swift */; };
		FB60F5032ADA1829001E430D /* UsuarioModel.swift in Sources */ = {isa = PBXBuildFile; fileRef = FB60F5022ADA1829001E430D /* UsuarioModel.swift */; };
		FB656C522AE05F0300543B12 /* AlertEmergenciasView.swift in Sources */ = {isa = PBXBuildFile; fileRef = FB656C512AE05F0300543B12 /* AlertEmergenciasView.swift */; };
		FB656C562AE05F7100543B12 /* EstatusEmergenciaView.swift in Sources */ = {isa = PBXBuildFile; fileRef = FB656C552AE05F7100543B12 /* EstatusEmergenciaView.swift */; };
		FB656C582AE05F9D00543B12 /* MandarEmergenciaView.swift in Sources */ = {isa = PBXBuildFile; fileRef = FB656C572AE05F9D00543B12 /* MandarEmergenciaView.swift */; };
		FB6A2EFF2ADA002C00122000 /* SinEmergenciasView.swift in Sources */ = {isa = PBXBuildFile; fileRef = FB6A2EFE2ADA002C00122000 /* SinEmergenciasView.swift */; };
		FB6A2F032ADA0C9700122000 /* EmergenciasView.swift in Sources */ = {isa = PBXBuildFile; fileRef = FB6A2F022ADA0C9700122000 /* EmergenciasView.swift */; };
		FB6A5BB82AE30F6200D6F4C5 /* ListaRecetasView.swift in Sources */ = {isa = PBXBuildFile; fileRef = FB6A5BB72AE30F6200D6F4C5 /* ListaRecetasView.swift */; };
		FB6A5BBE2AE3212A00D6F4C5 /* RecetaModel.swift in Sources */ = {isa = PBXBuildFile; fileRef = FB6A5BBD2AE3212A00D6F4C5 /* RecetaModel.swift */; };
		FB732FC82AFC59FA003CE102 /* MapaView.swift in Sources */ = {isa = PBXBuildFile; fileRef = FB732FC72AFC59FA003CE102 /* MapaView.swift */; };
		FB732FCA2AFC5E11003CE102 /* AlertEmergenciasViewModel.swift in Sources */ = {isa = PBXBuildFile; fileRef = FB732FC92AFC5E11003CE102 /* AlertEmergenciasViewModel.swift */; };
		FB732FCC2AFC6AF6003CE102 /* EmergenciaViewModel.swift in Sources */ = {isa = PBXBuildFile; fileRef = FB732FCB2AFC6AF6003CE102 /* EmergenciaViewModel.swift */; };
		FB85685C2B3F7D7900E03B65 /* NuevaEmergenciaView.swift in Sources */ = {isa = PBXBuildFile; fileRef = FB85685B2B3F7D7900E03B65 /* NuevaEmergenciaView.swift */; };
		FB8811962AF5B5EE00387A63 /* TabLlamadasView.swift in Sources */ = {isa = PBXBuildFile; fileRef = FB8811952AF5B5EE00387A63 /* TabLlamadasView.swift */; };
		FB8811982AF5B62100387A63 /* UnirseLlamadasView.swift in Sources */ = {isa = PBXBuildFile; fileRef = FB8811972AF5B62100387A63 /* UnirseLlamadasView.swift */; };
		FB95EF422AEB131800ECF38D /* GrupoDetailViewModel.swift in Sources */ = {isa = PBXBuildFile; fileRef = FB95EF412AEB131800ECF38D /* GrupoDetailViewModel.swift */; };
		FB95EF442AEB1E2D00ECF38D /* MiembroGrupoModel.swift in Sources */ = {isa = PBXBuildFile; fileRef = FB95EF432AEB1E2D00ECF38D /* MiembroGrupoModel.swift */; };
		FB95EF462AEB20C300ECF38D /* CrearGrupoViewModel.swift in Sources */ = {isa = PBXBuildFile; fileRef = FB95EF452AEB20C300ECF38D /* CrearGrupoViewModel.swift */; };
		FB95EF482AEC422A00ECF38D /* AgregarGrupoModel.swift in Sources */ = {isa = PBXBuildFile; fileRef = FB95EF472AEC422A00ECF38D /* AgregarGrupoModel.swift */; };
		FB95EF4A2AEC45F200ECF38D /* AgregarMiembroModel.swift in Sources */ = {isa = PBXBuildFile; fileRef = FB95EF492AEC45F200ECF38D /* AgregarMiembroModel.swift */; };
		FB999B5F2AE1D93E0018C268 /* ListaContactosView.swift in Sources */ = {isa = PBXBuildFile; fileRef = FB999B5E2AE1D93E0018C268 /* ListaContactosView.swift */; };
		FB999B612AE1D9590018C268 /* ContactosDetallesView.swift in Sources */ = {isa = PBXBuildFile; fileRef = FB999B602AE1D9590018C268 /* ContactosDetallesView.swift */; };
		FB999B632AE1D96B0018C268 /* ListaGruposView.swift in Sources */ = {isa = PBXBuildFile; fileRef = FB999B622AE1D96B0018C268 /* ListaGruposView.swift */; };
		FB999B652AE1D9830018C268 /* GruposDetallesView.swift in Sources */ = {isa = PBXBuildFile; fileRef = FB999B642AE1D9830018C268 /* GruposDetallesView.swift */; };
		FB999B692AE1E4AC0018C268 /* ContactoViewModel.swift in Sources */ = {isa = PBXBuildFile; fileRef = FB999B682AE1E4AC0018C268 /* ContactoViewModel.swift */; };
		FB9A48022ADEFE2B00BC4AC6 /* WebService.swift in Sources */ = {isa = PBXBuildFile; fileRef = FB9A48012ADEFE2B00BC4AC6 /* WebService.swift */; };
		FB9CF8832AE20F2600A88FDE /* ContactoModel.swift in Sources */ = {isa = PBXBuildFile; fileRef = FB9CF8822AE20F2600A88FDE /* ContactoModel.swift */; };
		FB9CF8872AE2191C00A88FDE /* ListaGrupoViewModel.swift in Sources */ = {isa = PBXBuildFile; fileRef = FB9CF8862AE2191C00A88FDE /* ListaGrupoViewModel.swift */; };
		FB9CF8892AE2196B00A88FDE /* GrupoModel.swift in Sources */ = {isa = PBXBuildFile; fileRef = FB9CF8882AE2196B00A88FDE /* GrupoModel.swift */; };
		FBB3D0012B4C6551003CEF52 /* UsuarioDetallesModel.swift in Sources */ = {isa = PBXBuildFile; fileRef = FBB3D0002B4C6551003CEF52 /* UsuarioDetallesModel.swift */; };
		FBB4572D2B4F29B000541CAE /* UsuarioDetallesView.swift in Sources */ = {isa = PBXBuildFile; fileRef = FBB4572C2B4F29B000541CAE /* UsuarioDetallesView.swift */; };
		FBB8EC642AE1D5E800D8766C /* ContactosView.swift in Sources */ = {isa = PBXBuildFile; fileRef = FBB8EC632AE1D5E800D8766C /* ContactosView.swift */; };
		FBBD9AC82B4DFFF80045DF9D /* CondicionMedicaView.swift in Sources */ = {isa = PBXBuildFile; fileRef = FBBD9AC72B4DFFF80045DF9D /* CondicionMedicaView.swift */; };
		FBBD9ACA2B4E0FFF0045DF9D /* AlergiaView.swift in Sources */ = {isa = PBXBuildFile; fileRef = FBBD9AC92B4E0FFF0045DF9D /* AlergiaView.swift */; };
		FBBD9ACC2B4E12450045DF9D /* MedicamentoActualView.swift in Sources */ = {isa = PBXBuildFile; fileRef = FBBD9ACB2B4E12450045DF9D /* MedicamentoActualView.swift */; };
		FBBD9ACE2B4E16030045DF9D /* AlergiaModel.swift in Sources */ = {isa = PBXBuildFile; fileRef = FBBD9ACD2B4E16030045DF9D /* AlergiaModel.swift */; };
		FBBD9AD02B4E325B0045DF9D /* MedicamentosActualesModel.swift in Sources */ = {isa = PBXBuildFile; fileRef = FBBD9ACF2B4E325B0045DF9D /* MedicamentosActualesModel.swift */; };
		FBBD9AD22B4E32FE0045DF9D /* CondicionMedica.swift in Sources */ = {isa = PBXBuildFile; fileRef = FBBD9AD12B4E32FE0045DF9D /* CondicionMedica.swift */; };
		FBC798862B15D1DA00A3E6B5 /* SessionManager.swift in Sources */ = {isa = PBXBuildFile; fileRef = FBC798852B15D1DA00A3E6B5 /* SessionManager.swift */; };
		FBCD14882AFAABB400DF5A8B /* LocationManager.swift in Sources */ = {isa = PBXBuildFile; fileRef = FBCD14872AFAABB400DF5A8B /* LocationManager.swift */; };
		FBD9C6F92ADF75B100A436FA /* RegistroViewModel.swift in Sources */ = {isa = PBXBuildFile; fileRef = FBD9C6F82ADF75B100A436FA /* RegistroViewModel.swift */; };
		FBE5881A2AE32C19009A48B6 /* MostrarRecetaView.swift in Sources */ = {isa = PBXBuildFile; fileRef = FBE588192AE32C19009A48B6 /* MostrarRecetaView.swift */; };
		FBE5881E2AE33F73009A48B6 /* CreaGrupoView.swift in Sources */ = {isa = PBXBuildFile; fileRef = FBE5881D2AE33F73009A48B6 /* CreaGrupoView.swift */; };
		FBEAC1832AE3224200934F95 /* ListaRecetasViewModel.swift in Sources */ = {isa = PBXBuildFile; fileRef = FBEAC1822AE3224100934F95 /* ListaRecetasViewModel.swift */; };
		FBFA60F72AE9C6850076EF5D /* KeychainHelper.swift in Sources */ = {isa = PBXBuildFile; fileRef = FBFA60F62AE9C6850076EF5D /* KeychainHelper.swift */; };
		FBFA60F92AE9C6E60076EF5D /* APIResponseModel.swift in Sources */ = {isa = PBXBuildFile; fileRef = FBFA60F82AE9C6E60076EF5D /* APIResponseModel.swift */; };
		FBFA60FB2AE9C6F80076EF5D /* TipoUsuario.swift in Sources */ = {isa = PBXBuildFile; fileRef = FBFA60FA2AE9C6F80076EF5D /* TipoUsuario.swift */; };
		FBFA60FD2AE9C7090076EF5D /* AgregarContactoModel.swift in Sources */ = {isa = PBXBuildFile; fileRef = FBFA60FC2AE9C7090076EF5D /* AgregarContactoModel.swift */; };
		FBFA60FF2AE9C7350076EF5D /* ListaContactoViewModel.swift in Sources */ = {isa = PBXBuildFile; fileRef = FBFA60FE2AE9C7350076EF5D /* ListaContactoViewModel.swift */; };
		FBFA61012AE9C8730076EF5D /* TipoCuentaView.swift in Sources */ = {isa = PBXBuildFile; fileRef = FBFA61002AE9C8730076EF5D /* TipoCuentaView.swift */; };
/* End PBXBuildFile section */

/* Begin PBXFileReference section */
		C0271A4E2AF33A5900024BE5 /* DisplayedContentView.swift */ = {isa = PBXFileReference; fileEncoding = 4; lastKnownFileType = sourcecode.swift; path = DisplayedContentView.swift; sourceTree = "<group>"; };
		C0271A4F2AF33A5900024BE5 /* PredictiveLabelViewHerida.swift */ = {isa = PBXFileReference; fileEncoding = 4; lastKnownFileType = sourcecode.swift; path = PredictiveLabelViewHerida.swift; sourceTree = "<group>"; };
		C0271A502AF33A5900024BE5 /* ModalView.swift */ = {isa = PBXFileReference; fileEncoding = 4; lastKnownFileType = sourcecode.swift; path = ModalView.swift; sourceTree = "<group>"; };
		C0271A512AF33A5900024BE5 /* LesionesView.swift */ = {isa = PBXFileReference; fileEncoding = 4; lastKnownFileType = sourcecode.swift; path = LesionesView.swift; sourceTree = "<group>"; };
		C0271A522AF33A5900024BE5 /* ClassificationView.swift */ = {isa = PBXFileReference; fileEncoding = 4; lastKnownFileType = sourcecode.swift; path = ClassificationView.swift; sourceTree = "<group>"; };
		C0271A562AF33A5A00024BE5 /* LiveCameraViewController.swift */ = {isa = PBXFileReference; fileEncoding = 4; lastKnownFileType = sourcecode.swift; path = LiveCameraViewController.swift; sourceTree = "<group>"; };
		C0271A572AF33A5A00024BE5 /* LiveCameraRepresentable.swift */ = {isa = PBXFileReference; fileEncoding = 4; lastKnownFileType = sourcecode.swift; path = LiveCameraRepresentable.swift; sourceTree = "<group>"; };
		C0271A592AF33A5A00024BE5 /* ClassifierViewModel.swift */ = {isa = PBXFileReference; fileEncoding = 4; lastKnownFileType = sourcecode.swift; path = ClassifierViewModel.swift; sourceTree = "<group>"; };
		C0271A5A2AF33A5A00024BE5 /* RoundedRectButtonStyle.swift */ = {isa = PBXFileReference; fileEncoding = 4; lastKnownFileType = sourcecode.swift; path = RoundedRectButtonStyle.swift; sourceTree = "<group>"; };
		C0271A5E2AF33A5A00024BE5 /* Constants.swift */ = {isa = PBXFileReference; fileEncoding = 4; lastKnownFileType = sourcecode.swift; path = Constants.swift; sourceTree = "<group>"; };
		C0271A5F2AF33A5A00024BE5 /* Helpers.swift */ = {isa = PBXFileReference; fileEncoding = 4; lastKnownFileType = sourcecode.swift; path = Helpers.swift; sourceTree = "<group>"; };
		C0271A632AF33A5A00024BE5 /* PredictionStatus.swift */ = {isa = PBXFileReference; fileEncoding = 4; lastKnownFileType = sourcecode.swift; path = PredictionStatus.swift; sourceTree = "<group>"; };
		C0271A642AF33A5A00024BE5 /* Wounds.mlmodel */ = {isa = PBXFileReference; lastKnownFileType = file.mlmodel; path = Wounds.mlmodel; sourceTree = "<group>"; };
		C0271A652AF33A5A00024BE5 /* Bites.mlmodel */ = {isa = PBXFileReference; lastKnownFileType = file.mlmodel; path = Bites.mlmodel; sourceTree = "<group>"; };
		C0271A662AF33A5A00024BE5 /* Burns.mlmodel */ = {isa = PBXFileReference; lastKnownFileType = file.mlmodel; path = Burns.mlmodel; sourceTree = "<group>"; };
		C0271A682AF33A5A00024BE5 /* ClassificationObject.swift */ = {isa = PBXFileReference; fileEncoding = 4; lastKnownFileType = sourcecode.swift; path = ClassificationObject.swift; sourceTree = "<group>"; };
		C0271A692AF33A5A00024BE5 /* mydata3.json */ = {isa = PBXFileReference; fileEncoding = 4; lastKnownFileType = text.json; path = mydata3.json; sourceTree = "<group>"; };
		C0271A6A2AF33A5A00024BE5 /* mydata2.json */ = {isa = PBXFileReference; fileEncoding = 4; lastKnownFileType = text.json; path = mydata2.json; sourceTree = "<group>"; };
		C0271A6B2AF33A5A00024BE5 /* mydata.json */ = {isa = PBXFileReference; fileEncoding = 4; lastKnownFileType = text.json; path = mydata.json; sourceTree = "<group>"; };
		FB1C317A2AD9C6E200965B4B /* TECuido.app */ = {isa = PBXFileReference; explicitFileType = wrapper.application; includeInIndex = 0; path = TECuido.app; sourceTree = BUILT_PRODUCTS_DIR; };
		FB1C317D2AD9C6E300965B4B /* TECuidoApp.swift */ = {isa = PBXFileReference; lastKnownFileType = sourcecode.swift; path = TECuidoApp.swift; sourceTree = "<group>"; };
		FB1C31812AD9C6E400965B4B /* Assets.xcassets */ = {isa = PBXFileReference; lastKnownFileType = folder.assetcatalog; path = Assets.xcassets; sourceTree = "<group>"; };
		FB1C31842AD9C6E400965B4B /* Preview Assets.xcassets */ = {isa = PBXFileReference; lastKnownFileType = folder.assetcatalog; path = "Preview Assets.xcassets"; sourceTree = "<group>"; };
		FB1C318B2AD9C6F500965B4B /* LoginView.swift */ = {isa = PBXFileReference; lastKnownFileType = sourcecode.swift; path = LoginView.swift; sourceTree = "<group>"; };
		FB1C318D2AD9C71700965B4B /* RegistroView.swift */ = {isa = PBXFileReference; lastKnownFileType = sourcecode.swift; path = RegistroView.swift; sourceTree = "<group>"; };
		FB1C318F2AD9C73E00965B4B /* HomeView.swift */ = {isa = PBXFileReference; lastKnownFileType = sourcecode.swift; path = HomeView.swift; sourceTree = "<group>"; };
		FB2B44BB2ADE2A2F00D2CD9E /* AuthManager.swift */ = {isa = PBXFileReference; lastKnownFileType = sourcecode.swift; path = AuthManager.swift; sourceTree = "<group>"; };
		FB3EB4F52AFD87CE0015FD36 /* LlamadaModel.swift */ = {isa = PBXFileReference; lastKnownFileType = sourcecode.swift; path = LlamadaModel.swift; sourceTree = "<group>"; };
		FB3EB4F72AFDB51C0015FD36 /* UnirseLlamadasViewModel.swift */ = {isa = PBXFileReference; lastKnownFileType = sourcecode.swift; path = UnirseLlamadasViewModel.swift; sourceTree = "<group>"; };
		FB3EB4F92AFDD0320015FD36 /* LlamTView.swift */ = {isa = PBXFileReference; lastKnownFileType = sourcecode.swift; path = LlamTView.swift; sourceTree = "<group>"; };
		FB48C04F2ADDEB53000FF522 /* TECuidoView.swift */ = {isa = PBXFileReference; lastKnownFileType = sourcecode.swift; path = TECuidoView.swift; sourceTree = "<group>"; };
		FB4D55F12AF3148B00D1C533 /* LlamadasTemporalView.swift */ = {isa = PBXFileReference; lastKnownFileType = sourcecode.swift; path = LlamadasTemporalView.swift; sourceTree = "<group>"; };
		FB4D55F32AF3154600D1C533 /* SpeechToTextView.swift */ = {isa = PBXFileReference; lastKnownFileType = sourcecode.swift; path = SpeechToTextView.swift; sourceTree = "<group>"; };
		FB4D55F52AF3157A00D1C533 /* SpeechRecognizer.swift */ = {isa = PBXFileReference; lastKnownFileType = sourcecode.swift; path = SpeechRecognizer.swift; sourceTree = "<group>"; };
		FB4D55F72AF315B800D1C533 /* TextToSpeechView.swift */ = {isa = PBXFileReference; lastKnownFileType = sourcecode.swift; path = TextToSpeechView.swift; sourceTree = "<group>"; };
		FB4D55FB2AF3166F00D1C533 /* CameraViewController.swift */ = {isa = PBXFileReference; lastKnownFileType = sourcecode.swift; path = CameraViewController.swift; sourceTree = "<group>"; };
		FB4D55FD2AF3169C00D1C533 /* CameraView.swift */ = {isa = PBXFileReference; lastKnownFileType = sourcecode.swift; path = CameraView.swift; sourceTree = "<group>"; };
		FB4D55FF2AF316C900D1C533 /* EmotionRecognitionView.swift */ = {isa = PBXFileReference; lastKnownFileType = sourcecode.swift; path = EmotionRecognitionView.swift; sourceTree = "<group>"; };
		FB4D56032AF8A42A00D1C533 /* AppDelegate.swift */ = {isa = PBXFileReference; lastKnownFileType = sourcecode.swift; path = AppDelegate.swift; sourceTree = "<group>"; };
		FB4D560E2AF8A75100D1C533 /* NotificationViewModel.swift */ = {isa = PBXFileReference; lastKnownFileType = sourcecode.swift; path = NotificationViewModel.swift; sourceTree = "<group>"; };
		FB4D56122AF8A95400D1C533 /* NotificationTokenModel.swift */ = {isa = PBXFileReference; lastKnownFileType = sourcecode.swift; path = NotificationTokenModel.swift; sourceTree = "<group>"; };
		FB4D56162AF8B1DC00D1C533 /* TECuido.entitlements */ = {isa = PBXFileReference; lastKnownFileType = text.plist.entitlements; path = TECuido.entitlements; sourceTree = "<group>"; };
		FB4D56172AF99C5400D1C533 /* EmergenciaModel.swift */ = {isa = PBXFileReference; lastKnownFileType = sourcecode.swift; path = EmergenciaModel.swift; sourceTree = "<group>"; };
		FB4D56192AF9D4D900D1C533 /* MandarEmergenciaViewModel.swift */ = {isa = PBXFileReference; lastKnownFileType = sourcecode.swift; path = MandarEmergenciaViewModel.swift; sourceTree = "<group>"; };
		FB4D561D2AF9D91100D1C533 /* CNNEmotions.mlmodel */ = {isa = PBXFileReference; lastKnownFileType = file.mlmodel; name = CNNEmotions.mlmodel; path = ../../../../../Downloads/CNNEmotions.mlmodel; sourceTree = "<group>"; };
		FB4DDF782AF087EA00AAAEB5 /* ListaContactosLlamadaView.swift */ = {isa = PBXFileReference; lastKnownFileType = sourcecode.swift; path = ListaContactosLlamadaView.swift; sourceTree = "<group>"; };
		FB4DDF7A2AF0886C00AAAEB5 /* ListaContactosLlamadaViewModel.swift */ = {isa = PBXFileReference; lastKnownFileType = sourcecode.swift; path = ListaContactosLlamadaViewModel.swift; sourceTree = "<group>"; };
		FB5F05412B045571005D5403 /* MedicamentoModel.swift */ = {isa = PBXFileReference; lastKnownFileType = sourcecode.swift; path = MedicamentoModel.swift; sourceTree = "<group>"; };
		FB5F05472B06B696005D5403 /* InfoRecetasView.swift */ = {isa = PBXFileReference; lastKnownFileType = sourcecode.swift; path = InfoRecetasView.swift; sourceTree = "<group>"; };
		FB5F054D2B06B73F005D5403 /* PacientesProfileView.swift */ = {isa = PBXFileReference; lastKnownFileType = sourcecode.swift; path = PacientesProfileView.swift; sourceTree = "<group>"; };
		FB5F05552B06C279005D5403 /* RecetaViewModel.swift */ = {isa = PBXFileReference; lastKnownFileType = sourcecode.swift; path = RecetaViewModel.swift; sourceTree = "<group>"; };
		FB5F05572B06C8B5005D5403 /* EditarGrupoViewModel.swift */ = {isa = PBXFileReference; lastKnownFileType = sourcecode.swift; path = EditarGrupoViewModel.swift; sourceTree = "<group>"; };
		FB5F05592B06C8EF005D5403 /* EditarGrupoView.swift */ = {isa = PBXFileReference; lastKnownFileType = sourcecode.swift; path = EditarGrupoView.swift; sourceTree = "<group>"; };
		FB5F055B2B06CB50005D5403 /* MedicamentoDetalleView.swift */ = {isa = PBXFileReference; lastKnownFileType = sourcecode.swift; path = MedicamentoDetalleView.swift; sourceTree = "<group>"; };
		FB5F055D2B06CCD8005D5403 /* MedicamentoDetalleModel.swift */ = {isa = PBXFileReference; lastKnownFileType = sourcecode.swift; path = MedicamentoDetalleModel.swift; sourceTree = "<group>"; };
		FB5F05612B06F000005D5403 /* AgregaRecetaView.swift */ = {isa = PBXFileReference; lastKnownFileType = sourcecode.swift; path = AgregaRecetaView.swift; sourceTree = "<group>"; };
		FB5F05632B06F251005D5403 /* CrearRecetaViewModel.swift */ = {isa = PBXFileReference; lastKnownFileType = sourcecode.swift; path = CrearRecetaViewModel.swift; sourceTree = "<group>"; };
		FB5F05652B06F552005D5403 /* AgregarMedicamentoView.swift */ = {isa = PBXFileReference; lastKnownFileType = sourcecode.swift; path = AgregarMedicamentoView.swift; sourceTree = "<group>"; };
		FB5F056C2B0715FE005D5403 /* RecetasView.swift */ = {isa = PBXFileReference; lastKnownFileType = sourcecode.swift; path = RecetasView.swift; sourceTree = "<group>"; };
		FB60F5002ADA17FF001E430D /* LoginViewModel.swift */ = {isa = PBXFileReference; lastKnownFileType = sourcecode.swift; path = LoginViewModel.swift; sourceTree = "<group>"; };
		FB60F5022ADA1829001E430D /* UsuarioModel.swift */ = {isa = PBXFileReference; lastKnownFileType = sourcecode.swift; path = UsuarioModel.swift; sourceTree = "<group>"; };
		FB656C512AE05F0300543B12 /* AlertEmergenciasView.swift */ = {isa = PBXFileReference; lastKnownFileType = sourcecode.swift; path = AlertEmergenciasView.swift; sourceTree = "<group>"; };
		FB656C552AE05F7100543B12 /* EstatusEmergenciaView.swift */ = {isa = PBXFileReference; lastKnownFileType = sourcecode.swift; path = EstatusEmergenciaView.swift; sourceTree = "<group>"; };
		FB656C572AE05F9D00543B12 /* MandarEmergenciaView.swift */ = {isa = PBXFileReference; lastKnownFileType = sourcecode.swift; path = MandarEmergenciaView.swift; sourceTree = "<group>"; };
		FB6A2EFE2ADA002C00122000 /* SinEmergenciasView.swift */ = {isa = PBXFileReference; lastKnownFileType = sourcecode.swift; path = SinEmergenciasView.swift; sourceTree = "<group>"; };
		FB6A2F022ADA0C9700122000 /* EmergenciasView.swift */ = {isa = PBXFileReference; lastKnownFileType = sourcecode.swift; path = EmergenciasView.swift; sourceTree = "<group>"; };
		FB6A5BB72AE30F6200D6F4C5 /* ListaRecetasView.swift */ = {isa = PBXFileReference; lastKnownFileType = sourcecode.swift; path = ListaRecetasView.swift; sourceTree = "<group>"; };
		FB6A5BBD2AE3212A00D6F4C5 /* RecetaModel.swift */ = {isa = PBXFileReference; lastKnownFileType = sourcecode.swift; path = RecetaModel.swift; sourceTree = "<group>"; };
		FB732FC72AFC59FA003CE102 /* MapaView.swift */ = {isa = PBXFileReference; lastKnownFileType = sourcecode.swift; path = MapaView.swift; sourceTree = "<group>"; };
		FB732FC92AFC5E11003CE102 /* AlertEmergenciasViewModel.swift */ = {isa = PBXFileReference; lastKnownFileType = sourcecode.swift; path = AlertEmergenciasViewModel.swift; sourceTree = "<group>"; };
		FB732FCB2AFC6AF6003CE102 /* EmergenciaViewModel.swift */ = {isa = PBXFileReference; lastKnownFileType = sourcecode.swift; path = EmergenciaViewModel.swift; sourceTree = "<group>"; };
		FB85685B2B3F7D7900E03B65 /* NuevaEmergenciaView.swift */ = {isa = PBXFileReference; lastKnownFileType = sourcecode.swift; path = NuevaEmergenciaView.swift; sourceTree = "<group>"; };
		FB8811952AF5B5EE00387A63 /* TabLlamadasView.swift */ = {isa = PBXFileReference; lastKnownFileType = sourcecode.swift; path = TabLlamadasView.swift; sourceTree = "<group>"; };
		FB8811972AF5B62100387A63 /* UnirseLlamadasView.swift */ = {isa = PBXFileReference; lastKnownFileType = sourcecode.swift; path = UnirseLlamadasView.swift; sourceTree = "<group>"; };
		FB9034DC2AEC5F5C005E79A3 /* Info.plist */ = {isa = PBXFileReference; lastKnownFileType = text.plist; path = Info.plist; sourceTree = "<group>"; };
		FB95EF412AEB131800ECF38D /* GrupoDetailViewModel.swift */ = {isa = PBXFileReference; lastKnownFileType = sourcecode.swift; path = GrupoDetailViewModel.swift; sourceTree = "<group>"; };
		FB95EF432AEB1E2D00ECF38D /* MiembroGrupoModel.swift */ = {isa = PBXFileReference; lastKnownFileType = sourcecode.swift; path = MiembroGrupoModel.swift; sourceTree = "<group>"; };
		FB95EF452AEB20C300ECF38D /* CrearGrupoViewModel.swift */ = {isa = PBXFileReference; lastKnownFileType = sourcecode.swift; path = CrearGrupoViewModel.swift; sourceTree = "<group>"; };
		FB95EF472AEC422A00ECF38D /* AgregarGrupoModel.swift */ = {isa = PBXFileReference; lastKnownFileType = sourcecode.swift; path = AgregarGrupoModel.swift; sourceTree = "<group>"; };
		FB95EF492AEC45F200ECF38D /* AgregarMiembroModel.swift */ = {isa = PBXFileReference; lastKnownFileType = sourcecode.swift; path = AgregarMiembroModel.swift; sourceTree = "<group>"; };
		FB999B5E2AE1D93E0018C268 /* ListaContactosView.swift */ = {isa = PBXFileReference; lastKnownFileType = sourcecode.swift; path = ListaContactosView.swift; sourceTree = "<group>"; };
		FB999B602AE1D9590018C268 /* ContactosDetallesView.swift */ = {isa = PBXFileReference; lastKnownFileType = sourcecode.swift; path = ContactosDetallesView.swift; sourceTree = "<group>"; };
		FB999B622AE1D96B0018C268 /* ListaGruposView.swift */ = {isa = PBXFileReference; lastKnownFileType = sourcecode.swift; path = ListaGruposView.swift; sourceTree = "<group>"; };
		FB999B642AE1D9830018C268 /* GruposDetallesView.swift */ = {isa = PBXFileReference; lastKnownFileType = sourcecode.swift; path = GruposDetallesView.swift; sourceTree = "<group>"; };
		FB999B682AE1E4AC0018C268 /* ContactoViewModel.swift */ = {isa = PBXFileReference; lastKnownFileType = sourcecode.swift; path = ContactoViewModel.swift; sourceTree = "<group>"; };
		FB9A48012ADEFE2B00BC4AC6 /* WebService.swift */ = {isa = PBXFileReference; lastKnownFileType = sourcecode.swift; path = WebService.swift; sourceTree = "<group>"; };
		FB9CF8822AE20F2600A88FDE /* ContactoModel.swift */ = {isa = PBXFileReference; lastKnownFileType = sourcecode.swift; path = ContactoModel.swift; sourceTree = "<group>"; };
		FB9CF8862AE2191C00A88FDE /* ListaGrupoViewModel.swift */ = {isa = PBXFileReference; lastKnownFileType = sourcecode.swift; path = ListaGrupoViewModel.swift; sourceTree = "<group>"; };
		FB9CF8882AE2196B00A88FDE /* GrupoModel.swift */ = {isa = PBXFileReference; lastKnownFileType = sourcecode.swift; path = GrupoModel.swift; sourceTree = "<group>"; };
		FBB3D0002B4C6551003CEF52 /* UsuarioDetallesModel.swift */ = {isa = PBXFileReference; lastKnownFileType = sourcecode.swift; path = UsuarioDetallesModel.swift; sourceTree = "<group>"; };
		FBB4572C2B4F29B000541CAE /* UsuarioDetallesView.swift */ = {isa = PBXFileReference; lastKnownFileType = sourcecode.swift; path = UsuarioDetallesView.swift; sourceTree = "<group>"; };
		FBB8EC632AE1D5E800D8766C /* ContactosView.swift */ = {isa = PBXFileReference; lastKnownFileType = sourcecode.swift; path = ContactosView.swift; sourceTree = "<group>"; };
		FBBD9AC72B4DFFF80045DF9D /* CondicionMedicaView.swift */ = {isa = PBXFileReference; lastKnownFileType = sourcecode.swift; path = CondicionMedicaView.swift; sourceTree = "<group>"; };
		FBBD9AC92B4E0FFF0045DF9D /* AlergiaView.swift */ = {isa = PBXFileReference; lastKnownFileType = sourcecode.swift; path = AlergiaView.swift; sourceTree = "<group>"; };
		FBBD9ACB2B4E12450045DF9D /* MedicamentoActualView.swift */ = {isa = PBXFileReference; lastKnownFileType = sourcecode.swift; path = MedicamentoActualView.swift; sourceTree = "<group>"; };
		FBBD9ACD2B4E16030045DF9D /* AlergiaModel.swift */ = {isa = PBXFileReference; lastKnownFileType = sourcecode.swift; path = AlergiaModel.swift; sourceTree = "<group>"; };
		FBBD9ACF2B4E325B0045DF9D /* MedicamentosActualesModel.swift */ = {isa = PBXFileReference; lastKnownFileType = sourcecode.swift; path = MedicamentosActualesModel.swift; sourceTree = "<group>"; };
		FBBD9AD12B4E32FE0045DF9D /* CondicionMedica.swift */ = {isa = PBXFileReference; lastKnownFileType = sourcecode.swift; path = CondicionMedica.swift; sourceTree = "<group>"; };
		FBC798852B15D1DA00A3E6B5 /* SessionManager.swift */ = {isa = PBXFileReference; lastKnownFileType = sourcecode.swift; path = SessionManager.swift; sourceTree = "<group>"; };
		FBCD14872AFAABB400DF5A8B /* LocationManager.swift */ = {isa = PBXFileReference; lastKnownFileType = sourcecode.swift; path = LocationManager.swift; sourceTree = "<group>"; };
		FBD9C6F82ADF75B100A436FA /* RegistroViewModel.swift */ = {isa = PBXFileReference; lastKnownFileType = sourcecode.swift; path = RegistroViewModel.swift; sourceTree = "<group>"; };
		FBE588192AE32C19009A48B6 /* MostrarRecetaView.swift */ = {isa = PBXFileReference; lastKnownFileType = sourcecode.swift; path = MostrarRecetaView.swift; sourceTree = "<group>"; };
		FBE5881D2AE33F73009A48B6 /* CreaGrupoView.swift */ = {isa = PBXFileReference; lastKnownFileType = sourcecode.swift; path = CreaGrupoView.swift; sourceTree = "<group>"; };
		FBEAC1822AE3224100934F95 /* ListaRecetasViewModel.swift */ = {isa = PBXFileReference; lastKnownFileType = sourcecode.swift; path = ListaRecetasViewModel.swift; sourceTree = "<group>"; };
		FBFA60F62AE9C6850076EF5D /* KeychainHelper.swift */ = {isa = PBXFileReference; lastKnownFileType = sourcecode.swift; path = KeychainHelper.swift; sourceTree = "<group>"; };
		FBFA60F82AE9C6E60076EF5D /* APIResponseModel.swift */ = {isa = PBXFileReference; lastKnownFileType = sourcecode.swift; path = APIResponseModel.swift; sourceTree = "<group>"; };
		FBFA60FA2AE9C6F80076EF5D /* TipoUsuario.swift */ = {isa = PBXFileReference; lastKnownFileType = sourcecode.swift; path = TipoUsuario.swift; sourceTree = "<group>"; };
		FBFA60FC2AE9C7090076EF5D /* AgregarContactoModel.swift */ = {isa = PBXFileReference; lastKnownFileType = sourcecode.swift; path = AgregarContactoModel.swift; sourceTree = "<group>"; };
		FBFA60FE2AE9C7350076EF5D /* ListaContactoViewModel.swift */ = {isa = PBXFileReference; lastKnownFileType = sourcecode.swift; path = ListaContactoViewModel.swift; sourceTree = "<group>"; };
		FBFA61002AE9C8730076EF5D /* TipoCuentaView.swift */ = {isa = PBXFileReference; lastKnownFileType = sourcecode.swift; path = TipoCuentaView.swift; sourceTree = "<group>"; };
/* End PBXFileReference section */

/* Begin PBXFrameworksBuildPhase section */
		FB1C31772AD9C6E200965B4B /* Frameworks */ = {
			isa = PBXFrameworksBuildPhase;
			buildActionMask = 2147483647;
			files = (
			);
			runOnlyForDeploymentPostprocessing = 0;
		};
/* End PBXFrameworksBuildPhase section */

/* Begin PBXGroup section */
		C0271A4A2AF33A5900024BE5 /* coreML-nanostarter */ = {
			isa = PBXGroup;
			children = (
				C0271A4B2AF33A5900024BE5 /* 3-UI */,
				C0271A542AF33A5900024BE5 /* Foundation */,
				C0271A622AF33A5A00024BE5 /* 1-Model */,
				C0271A672AF33A5A00024BE5 /* 2-Data */,
			);
			path = "coreML-nanostarter";
			sourceTree = "<group>";
		};
		C0271A4B2AF33A5900024BE5 /* 3-UI */ = {
			isa = PBXGroup;
			children = (
				C0271A4D2AF33A5900024BE5 /* Prediction Views */,
				C0271A502AF33A5900024BE5 /* ModalView.swift */,
				C0271A512AF33A5900024BE5 /* LesionesView.swift */,
				C0271A522AF33A5900024BE5 /* ClassificationView.swift */,
			);
			path = "3-UI";
			sourceTree = "<group>";
		};
		C0271A4D2AF33A5900024BE5 /* Prediction Views */ = {
			isa = PBXGroup;
			children = (
				C0271A4E2AF33A5900024BE5 /* DisplayedContentView.swift */,
				C0271A4F2AF33A5900024BE5 /* PredictiveLabelViewHerida.swift */,
			);
			path = "Prediction Views";
			sourceTree = "<group>";
		};
		C0271A542AF33A5900024BE5 /* Foundation */ = {
			isa = PBXGroup;
			children = (
				C0271A552AF33A5A00024BE5 /* CameraViewControllers */,
				C0271A582AF33A5A00024BE5 /* Views */,
				C0271A5D2AF33A5A00024BE5 /* Helpers */,
			);
			path = Foundation;
			sourceTree = "<group>";
		};
		C0271A552AF33A5A00024BE5 /* CameraViewControllers */ = {
			isa = PBXGroup;
			children = (
				C0271A562AF33A5A00024BE5 /* LiveCameraViewController.swift */,
				C0271A572AF33A5A00024BE5 /* LiveCameraRepresentable.swift */,
			);
			path = CameraViewControllers;
			sourceTree = "<group>";
		};
		C0271A582AF33A5A00024BE5 /* Views */ = {
			isa = PBXGroup;
			children = (
				C0271A592AF33A5A00024BE5 /* ClassifierViewModel.swift */,
				C0271A5A2AF33A5A00024BE5 /* RoundedRectButtonStyle.swift */,
			);
			path = Views;
			sourceTree = "<group>";
		};
		C0271A5D2AF33A5A00024BE5 /* Helpers */ = {
			isa = PBXGroup;
			children = (
				C0271A5E2AF33A5A00024BE5 /* Constants.swift */,
				C0271A5F2AF33A5A00024BE5 /* Helpers.swift */,
			);
			path = Helpers;
			sourceTree = "<group>";
		};
		C0271A622AF33A5A00024BE5 /* 1-Model */ = {
			isa = PBXGroup;
			children = (
				C0271A632AF33A5A00024BE5 /* PredictionStatus.swift */,
				C0271A642AF33A5A00024BE5 /* Wounds.mlmodel */,
				C0271A652AF33A5A00024BE5 /* Bites.mlmodel */,
				C0271A662AF33A5A00024BE5 /* Burns.mlmodel */,
			);
			path = "1-Model";
			sourceTree = "<group>";
		};
		C0271A672AF33A5A00024BE5 /* 2-Data */ = {
			isa = PBXGroup;
			children = (
				C0271A682AF33A5A00024BE5 /* ClassificationObject.swift */,
				C0271A692AF33A5A00024BE5 /* mydata3.json */,
				C0271A6A2AF33A5A00024BE5 /* mydata2.json */,
				C0271A6B2AF33A5A00024BE5 /* mydata.json */,
			);
			path = "2-Data";
			sourceTree = "<group>";
		};
		FB1C31712AD9C6E200965B4B = {
			isa = PBXGroup;
			children = (
				FB1C317C2AD9C6E200965B4B /* TECuido */,
				FB1C317B2AD9C6E200965B4B /* Products */,
			);
			sourceTree = "<group>";
		};
		FB1C317B2AD9C6E200965B4B /* Products */ = {
			isa = PBXGroup;
			children = (
				FB1C317A2AD9C6E200965B4B /* TECuido.app */,
			);
			name = Products;
			sourceTree = "<group>";
		};
		FB1C317C2AD9C6E200965B4B /* TECuido */ = {
			isa = PBXGroup;
			children = (
				FB4D56162AF8B1DC00D1C533 /* TECuido.entitlements */,
				FB4D56062AF8A51A00D1C533 /* Utils */,
				C0271A4A2AF33A5900024BE5 /* coreML-nanostarter */,
				FB9034DC2AEC5F5C005E79A3 /* Info.plist */,
				FB9A48002ADEFE1600BC4AC6 /* Services */,
				FBA831302ADE298A001EAEAE /* Model */,
				FBA8312F2ADE286A001EAEAE /* ViewModel */,
				FBA8312E2ADE280A001EAEAE /* Views */,
				FB1C317D2AD9C6E300965B4B /* TECuidoApp.swift */,
				FB1C31812AD9C6E400965B4B /* Assets.xcassets */,
				FB5F05472B06B696005D5403 /* InfoRecetasView.swift */,
				FB1C31832AD9C6E400965B4B /* Preview Content */,
				FB4D56032AF8A42A00D1C533 /* AppDelegate.swift */,
			);
			path = TECuido;
			sourceTree = "<group>";
		};
		FB1C31832AD9C6E400965B4B /* Preview Content */ = {
			isa = PBXGroup;
			children = (
				FB1C31842AD9C6E400965B4B /* Preview Assets.xcassets */,
			);
			path = "Preview Content";
			sourceTree = "<group>";
		};
		FB4D56052AF8A50D00D1C533 /* MLUtils */ = {
			isa = PBXGroup;
			children = (
				FB4D561D2AF9D91100D1C533 /* CNNEmotions.mlmodel */,
				FB4D55F52AF3157A00D1C533 /* SpeechRecognizer.swift */,
				FB4D55FB2AF3166F00D1C533 /* CameraViewController.swift */,
			);
			path = MLUtils;
			sourceTree = "<group>";
		};
		FB4D56062AF8A51A00D1C533 /* Utils */ = {
			isa = PBXGroup;
			children = (
				FBCD14862AFAABA300DF5A8B /* LocationUtils */,
				FBA831312ADE29A4001EAEAE /* AuthUtils */,
				FB4D56052AF8A50D00D1C533 /* MLUtils */,
			);
			path = Utils;
			sourceTree = "<group>";
		};
		FB9A48002ADEFE1600BC4AC6 /* Services */ = {
			isa = PBXGroup;
			children = (
				FB9A48012ADEFE2B00BC4AC6 /* WebService.swift */,
			);
			path = Services;
			sourceTree = "<group>";
		};
		FBA8312E2ADE280A001EAEAE /* Views */ = {
			isa = PBXGroup;
			children = (
				FB1C318D2AD9C71700965B4B /* RegistroView.swift */,
				FB6A2EFE2ADA002C00122000 /* SinEmergenciasView.swift */,
				FB48C04F2ADDEB53000FF522 /* TECuidoView.swift */,
				FB6A2F022ADA0C9700122000 /* EmergenciasView.swift */,
				FB1C318B2AD9C6F500965B4B /* LoginView.swift */,
				FB656C512AE05F0300543B12 /* AlertEmergenciasView.swift */,
				FB999B5E2AE1D93E0018C268 /* ListaContactosView.swift */,
				FB1C318F2AD9C73E00965B4B /* HomeView.swift */,
				FB656C552AE05F7100543B12 /* EstatusEmergenciaView.swift */,
				FB999B622AE1D96B0018C268 /* ListaGruposView.swift */,
				FB656C572AE05F9D00543B12 /* MandarEmergenciaView.swift */,
				FBB8EC632AE1D5E800D8766C /* ContactosView.swift */,
				FB999B602AE1D9590018C268 /* ContactosDetallesView.swift */,
				FBE5881D2AE33F73009A48B6 /* CreaGrupoView.swift */,
				FB999B642AE1D9830018C268 /* GruposDetallesView.swift */,
				FB6A5BB72AE30F6200D6F4C5 /* ListaRecetasView.swift */,
				FBE588192AE32C19009A48B6 /* MostrarRecetaView.swift */,
				FB4DDF782AF087EA00AAAEB5 /* ListaContactosLlamadaView.swift */,
				FB4D55F12AF3148B00D1C533 /* LlamadasTemporalView.swift */,
				FB4D55F32AF3154600D1C533 /* SpeechToTextView.swift */,
				FB4D55F72AF315B800D1C533 /* TextToSpeechView.swift */,
				FB4D55FD2AF3169C00D1C533 /* CameraView.swift */,
				FB4D55FF2AF316C900D1C533 /* EmotionRecognitionView.swift */,
				FB8811952AF5B5EE00387A63 /* TabLlamadasView.swift */,
				FB8811972AF5B62100387A63 /* UnirseLlamadasView.swift */,
				FB732FC72AFC59FA003CE102 /* MapaView.swift */,
				FB3EB4F92AFDD0320015FD36 /* LlamTView.swift */,
				FB5F054D2B06B73F005D5403 /* PacientesProfileView.swift */,
				FB5F05592B06C8EF005D5403 /* EditarGrupoView.swift */,
				FB5F055B2B06CB50005D5403 /* MedicamentoDetalleView.swift */,
				FB5F05612B06F000005D5403 /* AgregaRecetaView.swift */,
				FB5F05652B06F552005D5403 /* AgregarMedicamentoView.swift */,
				FB5F056C2B0715FE005D5403 /* RecetasView.swift */,
				FBFA61002AE9C8730076EF5D /* TipoCuentaView.swift */,
				FB85685B2B3F7D7900E03B65 /* NuevaEmergenciaView.swift */,
				FBBD9AC72B4DFFF80045DF9D /* CondicionMedicaView.swift */,
				FBBD9AC92B4E0FFF0045DF9D /* AlergiaView.swift */,
				FBBD9ACB2B4E12450045DF9D /* MedicamentoActualView.swift */,
			);
			path = Views;
			sourceTree = "<group>";
		};
		FBA8312F2ADE286A001EAEAE /* ViewModel */ = {
			isa = PBXGroup;
			children = (
				FB60F5002ADA17FF001E430D /* LoginViewModel.swift */,
				FBD9C6F82ADF75B100A436FA /* RegistroViewModel.swift */,
				FB999B682AE1E4AC0018C268 /* ContactoViewModel.swift */,
				FB9CF8862AE2191C00A88FDE /* ListaGrupoViewModel.swift */,
				FBEAC1822AE3224100934F95 /* ListaRecetasViewModel.swift */,
				FBFA60FE2AE9C7350076EF5D /* ListaContactoViewModel.swift */,
				FB95EF412AEB131800ECF38D /* GrupoDetailViewModel.swift */,
				FB95EF452AEB20C300ECF38D /* CrearGrupoViewModel.swift */,
				FB4DDF7A2AF0886C00AAAEB5 /* ListaContactosLlamadaViewModel.swift */,
				FB4D560E2AF8A75100D1C533 /* NotificationViewModel.swift */,
				FB4D56192AF9D4D900D1C533 /* MandarEmergenciaViewModel.swift */,
				FB732FC92AFC5E11003CE102 /* AlertEmergenciasViewModel.swift */,
				FB732FCB2AFC6AF6003CE102 /* EmergenciaViewModel.swift */,
				FB3EB4F72AFDB51C0015FD36 /* UnirseLlamadasViewModel.swift */,
				FB5F05552B06C279005D5403 /* RecetaViewModel.swift */,
				FB5F05572B06C8B5005D5403 /* EditarGrupoViewModel.swift */,
				FB5F05632B06F251005D5403 /* CrearRecetaViewModel.swift */,
				FBB4572C2B4F29B000541CAE /* UsuarioDetallesView.swift */,
			);
			path = ViewModel;
			sourceTree = "<group>";
		};
		FBA831302ADE298A001EAEAE /* Model */ = {
			isa = PBXGroup;
			children = (
				FB60F5022ADA1829001E430D /* UsuarioModel.swift */,
				FB9CF8822AE20F2600A88FDE /* ContactoModel.swift */,
				FB9CF8882AE2196B00A88FDE /* GrupoModel.swift */,
				FB6A5BBD2AE3212A00D6F4C5 /* RecetaModel.swift */,
				FBFA60F82AE9C6E60076EF5D /* APIResponseModel.swift */,
				FBFA60FA2AE9C6F80076EF5D /* TipoUsuario.swift */,
				FBFA60FC2AE9C7090076EF5D /* AgregarContactoModel.swift */,
				FB95EF432AEB1E2D00ECF38D /* MiembroGrupoModel.swift */,
				FB95EF472AEC422A00ECF38D /* AgregarGrupoModel.swift */,
				FB95EF492AEC45F200ECF38D /* AgregarMiembroModel.swift */,
				FB4D56122AF8A95400D1C533 /* NotificationTokenModel.swift */,
				FB4D56172AF99C5400D1C533 /* EmergenciaModel.swift */,
				FBBD9ACD2B4E16030045DF9D /* AlergiaModel.swift */,
				FB3EB4F52AFD87CE0015FD36 /* LlamadaModel.swift */,
				FB5F05412B045571005D5403 /* MedicamentoModel.swift */,
				FB5F055D2B06CCD8005D5403 /* MedicamentoDetalleModel.swift */,
				FBB3D0002B4C6551003CEF52 /* UsuarioDetallesModel.swift */,
				FBBD9ACF2B4E325B0045DF9D /* MedicamentosActualesModel.swift */,
				FBBD9AD12B4E32FE0045DF9D /* CondicionMedica.swift */,
			);
			path = Model;
			sourceTree = "<group>";
		};
		FBA831312ADE29A4001EAEAE /* AuthUtils */ = {
			isa = PBXGroup;
			children = (
				FB2B44BB2ADE2A2F00D2CD9E /* AuthManager.swift */,
				FBFA60F62AE9C6850076EF5D /* KeychainHelper.swift */,
				FBC798852B15D1DA00A3E6B5 /* SessionManager.swift */,
			);
			path = AuthUtils;
			sourceTree = "<group>";
		};
		FBCD14862AFAABA300DF5A8B /* LocationUtils */ = {
			isa = PBXGroup;
			children = (
				FBCD14872AFAABB400DF5A8B /* LocationManager.swift */,
			);
			path = LocationUtils;
			sourceTree = "<group>";
		};
/* End PBXGroup section */

/* Begin PBXNativeTarget section */
		FB1C31792AD9C6E200965B4B /* TECuido */ = {
			isa = PBXNativeTarget;
			buildConfigurationList = FB1C31882AD9C6E400965B4B /* Build configuration list for PBXNativeTarget "TECuido" */;
			buildPhases = (
				FB1C31762AD9C6E200965B4B /* Sources */,
				FB1C31772AD9C6E200965B4B /* Frameworks */,
				FB1C31782AD9C6E200965B4B /* Resources */,
			);
			buildRules = (
			);
			dependencies = (
			);
			name = TECuido;
			packageProductDependencies = (
			);
			productName = TECuido;
			productReference = FB1C317A2AD9C6E200965B4B /* TECuido.app */;
			productType = "com.apple.product-type.application";
		};
/* End PBXNativeTarget section */

/* Begin PBXProject section */
		FB1C31722AD9C6E200965B4B /* Project object */ = {
			isa = PBXProject;
			attributes = {
				BuildIndependentTargetsInParallel = 1;
				LastSwiftUpdateCheck = 1430;
				LastUpgradeCheck = 1430;
				TargetAttributes = {
					FB1C31792AD9C6E200965B4B = {
						CreatedOnToolsVersion = 14.3.1;
					};
				};
			};
			buildConfigurationList = FB1C31752AD9C6E200965B4B /* Build configuration list for PBXProject "TECuido" */;
			compatibilityVersion = "Xcode 14.0";
			developmentRegion = en;
			hasScannedForEncodings = 0;
			knownRegions = (
				en,
				Base,
			);
			mainGroup = FB1C31712AD9C6E200965B4B;
			packageReferences = (
			);
			productRefGroup = FB1C317B2AD9C6E200965B4B /* Products */;
			projectDirPath = "";
			projectRoot = "";
			targets = (
				FB1C31792AD9C6E200965B4B /* TECuido */,
			);
		};
/* End PBXProject section */

/* Begin PBXResourcesBuildPhase section */
		FB1C31782AD9C6E200965B4B /* Resources */ = {
			isa = PBXResourcesBuildPhase;
			buildActionMask = 2147483647;
			files = (
				C0271A842AF33A5A00024BE5 /* mydata.json in Resources */,
				FB1C31852AD9C6E400965B4B /* Preview Assets.xcassets in Resources */,
				C0271A822AF33A5A00024BE5 /* mydata3.json in Resources */,
				C0271A832AF33A5A00024BE5 /* mydata2.json in Resources */,
				FB1C31822AD9C6E400965B4B /* Assets.xcassets in Resources */,
			);
			runOnlyForDeploymentPostprocessing = 0;
		};
/* End PBXResourcesBuildPhase section */

/* Begin PBXSourcesBuildPhase section */
		FB1C31762AD9C6E200965B4B /* Sources */ = {
			isa = PBXSourcesBuildPhase;
			buildActionMask = 2147483647;
			files = (
				FB9CF8872AE2191C00A88FDE /* ListaGrupoViewModel.swift in Sources */,
				FBFA60FF2AE9C7350076EF5D /* ListaContactoViewModel.swift in Sources */,
				FB8811982AF5B62100387A63 /* UnirseLlamadasView.swift in Sources */,
				FB5F05482B06B696005D5403 /* InfoRecetasView.swift in Sources */,
				FB4DDF7B2AF0886C00AAAEB5 /* ListaContactosLlamadaViewModel.swift in Sources */,
				FB5F05642B06F251005D5403 /* CrearRecetaViewModel.swift in Sources */,
				C0271A742AF33A5A00024BE5 /* LiveCameraViewController.swift in Sources */,
				FBCD14882AFAABB400DF5A8B /* LocationManager.swift in Sources */,
				FB5F05622B06F000005D5403 /* AgregaRecetaView.swift in Sources */,
				FB6A5BBE2AE3212A00D6F4C5 /* RecetaModel.swift in Sources */,
				C0271A6E2AF33A5A00024BE5 /* DisplayedContentView.swift in Sources */,
				FB5F05582B06C8B5005D5403 /* EditarGrupoViewModel.swift in Sources */,
				FB3EB4F82AFDB51C0015FD36 /* UnirseLlamadasViewModel.swift in Sources */,
				FB6A5BB82AE30F6200D6F4C5 /* ListaRecetasView.swift in Sources */,
				FB1C318C2AD9C6F500965B4B /* LoginView.swift in Sources */,
				FB4D56182AF99C5400D1C533 /* EmergenciaModel.swift in Sources */,
				FB656C522AE05F0300543B12 /* AlertEmergenciasView.swift in Sources */,
				FBFA61012AE9C8730076EF5D /* TipoCuentaView.swift in Sources */,
				FB85685C2B3F7D7900E03B65 /* NuevaEmergenciaView.swift in Sources */,
				FB2B44BC2ADE2A2F00D2CD9E /* AuthManager.swift in Sources */,
				FB3EB4FA2AFDD0320015FD36 /* LlamTView.swift in Sources */,
				FB9A48022ADEFE2B00BC4AC6 /* WebService.swift in Sources */,
				FB4D55F22AF3148B00D1C533 /* LlamadasTemporalView.swift in Sources */,
				FB5F05422B045572005D5403 /* MedicamentoModel.swift in Sources */,
				FBBD9ACA2B4E0FFF0045DF9D /* AlergiaView.swift in Sources */,
				FBD9C6F92ADF75B100A436FA /* RegistroViewModel.swift in Sources */,
				C0271A812AF33A5A00024BE5 /* ClassificationObject.swift in Sources */,
				FBE5881E2AE33F73009A48B6 /* CreaGrupoView.swift in Sources */,
				FB5F056D2B0715FE005D5403 /* RecetasView.swift in Sources */,
				FB656C582AE05F9D00543B12 /* MandarEmergenciaView.swift in Sources */,
				FB9CF8832AE20F2600A88FDE /* ContactoModel.swift in Sources */,
				C0271A7D2AF33A5A00024BE5 /* PredictionStatus.swift in Sources */,
				FB95EF442AEB1E2D00ECF38D /* MiembroGrupoModel.swift in Sources */,
				FB4D55FC2AF3166F00D1C533 /* CameraViewController.swift in Sources */,
				FB4D55FE2AF3169C00D1C533 /* CameraView.swift in Sources */,
				FB732FC82AFC59FA003CE102 /* MapaView.swift in Sources */,
				FB4D560F2AF8A75100D1C533 /* NotificationViewModel.swift in Sources */,
				FB4D56132AF8A95400D1C533 /* NotificationTokenModel.swift in Sources */,
				C0271A6F2AF33A5A00024BE5 /* PredictiveLabelViewHerida.swift in Sources */,
				FB999B632AE1D96B0018C268 /* ListaGruposView.swift in Sources */,
				FB9CF8892AE2196B00A88FDE /* GrupoModel.swift in Sources */,
				FBBD9AC82B4DFFF80045DF9D /* CondicionMedicaView.swift in Sources */,
				FB4D55F62AF3157A00D1C533 /* SpeechRecognizer.swift in Sources */,
				FBFA60FB2AE9C6F80076EF5D /* TipoUsuario.swift in Sources */,
				FB5F05562B06C279005D5403 /* RecetaViewModel.swift in Sources */,
				FBEAC1832AE3224200934F95 /* ListaRecetasViewModel.swift in Sources */,
				FB4D561E2AF9D91100D1C533 /* CNNEmotions.mlmodel in Sources */,
				C0271A7E2AF33A5A00024BE5 /* Wounds.mlmodel in Sources */,
				FB5F05662B06F552005D5403 /* AgregarMedicamentoView.swift in Sources */,
				C0271A7A2AF33A5A00024BE5 /* Constants.swift in Sources */,
				C0271A752AF33A5A00024BE5 /* LiveCameraRepresentable.swift in Sources */,
				FBBD9ACC2B4E12450045DF9D /* MedicamentoActualView.swift in Sources */,
				C0271A722AF33A5A00024BE5 /* ClassificationView.swift in Sources */,
				C0271A772AF33A5A00024BE5 /* RoundedRectButtonStyle.swift in Sources */,
				FB1C317E2AD9C6E300965B4B /* TECuidoApp.swift in Sources */,
				C0271A762AF33A5A00024BE5 /* ClassifierViewModel.swift in Sources */,
				FBB8EC642AE1D5E800D8766C /* ContactosView.swift in Sources */,
				FBFA60F72AE9C6850076EF5D /* KeychainHelper.swift in Sources */,
				FB4D56042AF8A42A00D1C533 /* AppDelegate.swift in Sources */,
				FBB3D0012B4C6551003CEF52 /* UsuarioDetallesModel.swift in Sources */,
				FBFA60F92AE9C6E60076EF5D /* APIResponseModel.swift in Sources */,
				FB6A2EFF2ADA002C00122000 /* SinEmergenciasView.swift in Sources */,
				FB732FCC2AFC6AF6003CE102 /* EmergenciaViewModel.swift in Sources */,
				FBB4572D2B4F29B000541CAE /* UsuarioDetallesView.swift in Sources */,
				FB5F054E2B06B73F005D5403 /* PacientesProfileView.swift in Sources */,
				FB4D55F82AF315B800D1C533 /* TextToSpeechView.swift in Sources */,
				FB4DDF792AF087EA00AAAEB5 /* ListaContactosLlamadaView.swift in Sources */,
				FB1C31902AD9C73E00965B4B /* HomeView.swift in Sources */,
				FBC798862B15D1DA00A3E6B5 /* SessionManager.swift in Sources */,
				FB5F055A2B06C8EF005D5403 /* EditarGrupoView.swift in Sources */,
				C0271A7B2AF33A5A00024BE5 /* Helpers.swift in Sources */,
				FB95EF462AEB20C300ECF38D /* CrearGrupoViewModel.swift in Sources */,
				FB5F055C2B06CB50005D5403 /* MedicamentoDetalleView.swift in Sources */,
				FB656C562AE05F7100543B12 /* EstatusEmergenciaView.swift in Sources */,
				FBBD9ACE2B4E16030045DF9D /* AlergiaModel.swift in Sources */,
				FB999B652AE1D9830018C268 /* GruposDetallesView.swift in Sources */,
				FB60F5012ADA17FF001E430D /* LoginViewModel.swift in Sources */,
				FBFA60FD2AE9C7090076EF5D /* AgregarContactoModel.swift in Sources */,
				FB999B692AE1E4AC0018C268 /* ContactoViewModel.swift in Sources */,
				FB95EF482AEC422A00ECF38D /* AgregarGrupoModel.swift in Sources */,
				FB1C318E2AD9C71700965B4B /* RegistroView.swift in Sources */,
				FB95EF4A2AEC45F200ECF38D /* AgregarMiembroModel.swift in Sources */,
				FBBD9AD22B4E32FE0045DF9D /* CondicionMedica.swift in Sources */,
				FBE5881A2AE32C19009A48B6 /* MostrarRecetaView.swift in Sources */,
				FB999B612AE1D9590018C268 /* ContactosDetallesView.swift in Sources */,
				FB4D56002AF316C900D1C533 /* EmotionRecognitionView.swift in Sources */,
				FB3EB4F62AFD87CE0015FD36 /* LlamadaModel.swift in Sources */,
				FB732FCA2AFC5E11003CE102 /* AlertEmergenciasViewModel.swift in Sources */,
				C0271A802AF33A5A00024BE5 /* Burns.mlmodel in Sources */,
				FB4D55F42AF3154600D1C533 /* SpeechToTextView.swift in Sources */,
				C0271A7F2AF33A5A00024BE5 /* Bites.mlmodel in Sources */,
				FB4D561A2AF9D4D900D1C533 /* MandarEmergenciaViewModel.swift in Sources */,
				FBBD9AD02B4E325B0045DF9D /* MedicamentosActualesModel.swift in Sources */,
				C0271A702AF33A5A00024BE5 /* ModalView.swift in Sources */,
				FB999B5F2AE1D93E0018C268 /* ListaContactosView.swift in Sources */,
				FB48C0502ADDEB53000FF522 /* TECuidoView.swift in Sources */,
				FB5F055E2B06CCD9005D5403 /* MedicamentoDetalleModel.swift in Sources */,
				FB60F5032ADA1829001E430D /* UsuarioModel.swift in Sources */,
				C0271A712AF33A5A00024BE5 /* LesionesView.swift in Sources */,
				FB6A2F032ADA0C9700122000 /* EmergenciasView.swift in Sources */,
				FB8811962AF5B5EE00387A63 /* TabLlamadasView.swift in Sources */,
				FB95EF422AEB131800ECF38D /* GrupoDetailViewModel.swift in Sources */,
			);
			runOnlyForDeploymentPostprocessing = 0;
		};
/* End PBXSourcesBuildPhase section */

/* Begin XCBuildConfiguration section */
		FB1C31862AD9C6E400965B4B /* Debug */ = {
			isa = XCBuildConfiguration;
			buildSettings = {
				ALWAYS_SEARCH_USER_PATHS = NO;
				CLANG_ANALYZER_NONNULL = YES;
				CLANG_ANALYZER_NUMBER_OBJECT_CONVERSION = YES_AGGRESSIVE;
				CLANG_CXX_LANGUAGE_STANDARD = "gnu++20";
				CLANG_ENABLE_MODULES = YES;
				CLANG_ENABLE_OBJC_ARC = YES;
				CLANG_ENABLE_OBJC_WEAK = YES;
				CLANG_WARN_BLOCK_CAPTURE_AUTORELEASING = YES;
				CLANG_WARN_BOOL_CONVERSION = YES;
				CLANG_WARN_COMMA = YES;
				CLANG_WARN_CONSTANT_CONVERSION = YES;
				CLANG_WARN_DEPRECATED_OBJC_IMPLEMENTATIONS = YES;
				CLANG_WARN_DIRECT_OBJC_ISA_USAGE = YES_ERROR;
				CLANG_WARN_DOCUMENTATION_COMMENTS = YES;
				CLANG_WARN_EMPTY_BODY = YES;
				CLANG_WARN_ENUM_CONVERSION = YES;
				CLANG_WARN_INFINITE_RECURSION = YES;
				CLANG_WARN_INT_CONVERSION = YES;
				CLANG_WARN_NON_LITERAL_NULL_CONVERSION = YES;
				CLANG_WARN_OBJC_IMPLICIT_RETAIN_SELF = YES;
				CLANG_WARN_OBJC_LITERAL_CONVERSION = YES;
				CLANG_WARN_OBJC_ROOT_CLASS = YES_ERROR;
				CLANG_WARN_QUOTED_INCLUDE_IN_FRAMEWORK_HEADER = YES;
				CLANG_WARN_RANGE_LOOP_ANALYSIS = YES;
				CLANG_WARN_STRICT_PROTOTYPES = YES;
				CLANG_WARN_SUSPICIOUS_MOVE = YES;
				CLANG_WARN_UNGUARDED_AVAILABILITY = YES_AGGRESSIVE;
				CLANG_WARN_UNREACHABLE_CODE = YES;
				CLANG_WARN__DUPLICATE_METHOD_MATCH = YES;
				COPY_PHASE_STRIP = NO;
				DEBUG_INFORMATION_FORMAT = dwarf;
				ENABLE_STRICT_OBJC_MSGSEND = YES;
				ENABLE_TESTABILITY = YES;
				GCC_C_LANGUAGE_STANDARD = gnu11;
				GCC_DYNAMIC_NO_PIC = NO;
				GCC_NO_COMMON_BLOCKS = YES;
				GCC_OPTIMIZATION_LEVEL = 0;
				GCC_PREPROCESSOR_DEFINITIONS = (
					"DEBUG=1",
					"$(inherited)",
				);
				GCC_WARN_64_TO_32_BIT_CONVERSION = YES;
				GCC_WARN_ABOUT_RETURN_TYPE = YES_ERROR;
				GCC_WARN_UNDECLARED_SELECTOR = YES;
				GCC_WARN_UNINITIALIZED_AUTOS = YES_AGGRESSIVE;
				GCC_WARN_UNUSED_FUNCTION = YES;
				GCC_WARN_UNUSED_VARIABLE = YES;
				IPHONEOS_DEPLOYMENT_TARGET = 16.4;
				MTL_ENABLE_DEBUG_INFO = INCLUDE_SOURCE;
				MTL_FAST_MATH = YES;
				ONLY_ACTIVE_ARCH = YES;
				SDKROOT = iphoneos;
				SWIFT_ACTIVE_COMPILATION_CONDITIONS = DEBUG;
				SWIFT_OPTIMIZATION_LEVEL = "-Onone";
			};
			name = Debug;
		};
		FB1C31872AD9C6E400965B4B /* Release */ = {
			isa = XCBuildConfiguration;
			buildSettings = {
				ALWAYS_SEARCH_USER_PATHS = NO;
				CLANG_ANALYZER_NONNULL = YES;
				CLANG_ANALYZER_NUMBER_OBJECT_CONVERSION = YES_AGGRESSIVE;
				CLANG_CXX_LANGUAGE_STANDARD = "gnu++20";
				CLANG_ENABLE_MODULES = YES;
				CLANG_ENABLE_OBJC_ARC = YES;
				CLANG_ENABLE_OBJC_WEAK = YES;
				CLANG_WARN_BLOCK_CAPTURE_AUTORELEASING = YES;
				CLANG_WARN_BOOL_CONVERSION = YES;
				CLANG_WARN_COMMA = YES;
				CLANG_WARN_CONSTANT_CONVERSION = YES;
				CLANG_WARN_DEPRECATED_OBJC_IMPLEMENTATIONS = YES;
				CLANG_WARN_DIRECT_OBJC_ISA_USAGE = YES_ERROR;
				CLANG_WARN_DOCUMENTATION_COMMENTS = YES;
				CLANG_WARN_EMPTY_BODY = YES;
				CLANG_WARN_ENUM_CONVERSION = YES;
				CLANG_WARN_INFINITE_RECURSION = YES;
				CLANG_WARN_INT_CONVERSION = YES;
				CLANG_WARN_NON_LITERAL_NULL_CONVERSION = YES;
				CLANG_WARN_OBJC_IMPLICIT_RETAIN_SELF = YES;
				CLANG_WARN_OBJC_LITERAL_CONVERSION = YES;
				CLANG_WARN_OBJC_ROOT_CLASS = YES_ERROR;
				CLANG_WARN_QUOTED_INCLUDE_IN_FRAMEWORK_HEADER = YES;
				CLANG_WARN_RANGE_LOOP_ANALYSIS = YES;
				CLANG_WARN_STRICT_PROTOTYPES = YES;
				CLANG_WARN_SUSPICIOUS_MOVE = YES;
				CLANG_WARN_UNGUARDED_AVAILABILITY = YES_AGGRESSIVE;
				CLANG_WARN_UNREACHABLE_CODE = YES;
				CLANG_WARN__DUPLICATE_METHOD_MATCH = YES;
				COPY_PHASE_STRIP = NO;
				DEBUG_INFORMATION_FORMAT = "dwarf-with-dsym";
				ENABLE_NS_ASSERTIONS = NO;
				ENABLE_STRICT_OBJC_MSGSEND = YES;
				GCC_C_LANGUAGE_STANDARD = gnu11;
				GCC_NO_COMMON_BLOCKS = YES;
				GCC_WARN_64_TO_32_BIT_CONVERSION = YES;
				GCC_WARN_ABOUT_RETURN_TYPE = YES_ERROR;
				GCC_WARN_UNDECLARED_SELECTOR = YES;
				GCC_WARN_UNINITIALIZED_AUTOS = YES_AGGRESSIVE;
				GCC_WARN_UNUSED_FUNCTION = YES;
				GCC_WARN_UNUSED_VARIABLE = YES;
				IPHONEOS_DEPLOYMENT_TARGET = 16.4;
				MTL_ENABLE_DEBUG_INFO = NO;
				MTL_FAST_MATH = YES;
				SDKROOT = iphoneos;
				SWIFT_COMPILATION_MODE = wholemodule;
				SWIFT_OPTIMIZATION_LEVEL = "-O";
				VALIDATE_PRODUCT = YES;
			};
			name = Release;
		};
		FB1C31892AD9C6E400965B4B /* Debug */ = {
			isa = XCBuildConfiguration;
			buildSettings = {
				ASSETCATALOG_COMPILER_APPICON_NAME = AppIcon;
				ASSETCATALOG_COMPILER_GLOBAL_ACCENT_COLOR_NAME = AccentColor;
				ASSETCATALOG_COMPILER_INCLUDE_ALL_APPICON_ASSETS = NO;
				CODE_SIGN_ENTITLEMENTS = TECuido/TECuido.entitlements;
				CODE_SIGN_STYLE = Automatic;
				CURRENT_PROJECT_VERSION = 1;
				DEVELOPMENT_ASSET_PATHS = "\"TECuido/Preview Content\"";
				DEVELOPMENT_TEAM = 7NP8953QA5;
				ENABLE_PREVIEWS = YES;
				GENERATE_INFOPLIST_FILE = YES;
				INFOPLIST_FILE = TECuido/Info.plist;
				INFOPLIST_KEY_NSCameraUsageDescription = "TECuido requires camera access in order to capture and transmit video";
				INFOPLIST_KEY_NSLocationWhenInUseUsageDescription = "Allow access to location";
				INFOPLIST_KEY_NSMicrophoneUsageDescription = "TECuido requires access to the microphone in order to capture and transmit audio";
				INFOPLIST_KEY_NSSpeechRecognitionUsageDescription = "TECuido requires speech recognition in order to convert speech to text";
				INFOPLIST_KEY_UIApplicationSceneManifest_Generation = YES;
				INFOPLIST_KEY_UIApplicationSupportsIndirectInputEvents = YES;
				INFOPLIST_KEY_UILaunchScreen_Generation = YES;
				INFOPLIST_KEY_UISupportedInterfaceOrientations_iPad = "UIInterfaceOrientationPortrait UIInterfaceOrientationPortraitUpsideDown UIInterfaceOrientationLandscapeLeft UIInterfaceOrientationLandscapeRight";
				INFOPLIST_KEY_UISupportedInterfaceOrientations_iPhone = "UIInterfaceOrientationPortrait UIInterfaceOrientationLandscapeLeft UIInterfaceOrientationLandscapeRight";
				LD_RUNPATH_SEARCH_PATHS = (
					"$(inherited)",
					"@executable_path/Frameworks",
				);
				MARKETING_VERSION = 1.0;
				PRODUCT_BUNDLE_IDENTIFIER = com.itesm.TECuidoDES;
				PRODUCT_NAME = "$(TARGET_NAME)";
				SWIFT_EMIT_LOC_STRINGS = YES;
				SWIFT_VERSION = 5.0;
				TARGETED_DEVICE_FAMILY = "1,2";
			};
			name = Debug;
		};
		FB1C318A2AD9C6E400965B4B /* Release */ = {
			isa = XCBuildConfiguration;
			buildSettings = {
				ASSETCATALOG_COMPILER_APPICON_NAME = AppIcon;
				ASSETCATALOG_COMPILER_GLOBAL_ACCENT_COLOR_NAME = AccentColor;
				ASSETCATALOG_COMPILER_INCLUDE_ALL_APPICON_ASSETS = NO;
				CODE_SIGN_ENTITLEMENTS = TECuido/TECuido.entitlements;
				CODE_SIGN_STYLE = Automatic;
				CURRENT_PROJECT_VERSION = 1;
				DEVELOPMENT_ASSET_PATHS = "\"TECuido/Preview Content\"";
				DEVELOPMENT_TEAM = 7NP8953QA5;
				ENABLE_PREVIEWS = YES;
				GENERATE_INFOPLIST_FILE = YES;
				INFOPLIST_FILE = TECuido/Info.plist;
				INFOPLIST_KEY_NSCameraUsageDescription = "TECuido requires camera access in order to capture and transmit video";
				INFOPLIST_KEY_NSLocationWhenInUseUsageDescription = "Allow access to location";
				INFOPLIST_KEY_NSMicrophoneUsageDescription = "TECuido requires access to the microphone in order to capture and transmit audio";
				INFOPLIST_KEY_NSSpeechRecognitionUsageDescription = "TECuido requires speech recognition in order to convert speech to text";
				INFOPLIST_KEY_UIApplicationSceneManifest_Generation = YES;
				INFOPLIST_KEY_UIApplicationSupportsIndirectInputEvents = YES;
				INFOPLIST_KEY_UILaunchScreen_Generation = YES;
				INFOPLIST_KEY_UISupportedInterfaceOrientations_iPad = "UIInterfaceOrientationPortrait UIInterfaceOrientationPortraitUpsideDown UIInterfaceOrientationLandscapeLeft UIInterfaceOrientationLandscapeRight";
				INFOPLIST_KEY_UISupportedInterfaceOrientations_iPhone = "UIInterfaceOrientationPortrait UIInterfaceOrientationLandscapeLeft UIInterfaceOrientationLandscapeRight";
				LD_RUNPATH_SEARCH_PATHS = (
					"$(inherited)",
					"@executable_path/Frameworks",
				);
				MARKETING_VERSION = 1.0;
				PRODUCT_BUNDLE_IDENTIFIER = com.itesm.TECuidoDES;
				PRODUCT_NAME = "$(TARGET_NAME)";
				SWIFT_EMIT_LOC_STRINGS = YES;
				SWIFT_VERSION = 5.0;
				TARGETED_DEVICE_FAMILY = "1,2";
			};
			name = Release;
		};
/* End XCBuildConfiguration section */

/* Begin XCConfigurationList section */
		FB1C31752AD9C6E200965B4B /* Build configuration list for PBXProject "TECuido" */ = {
			isa = XCConfigurationList;
			buildConfigurations = (
				FB1C31862AD9C6E400965B4B /* Debug */,
				FB1C31872AD9C6E400965B4B /* Release */,
			);
			defaultConfigurationIsVisible = 0;
			defaultConfigurationName = Release;
		};
		FB1C31882AD9C6E400965B4B /* Build configuration list for PBXNativeTarget "TECuido" */ = {
			isa = XCConfigurationList;
			buildConfigurations = (
				FB1C31892AD9C6E400965B4B /* Debug */,
				FB1C318A2AD9C6E400965B4B /* Release */,
			);
			defaultConfigurationIsVisible = 0;
			defaultConfigurationName = Release;
		};
/* End XCConfigurationList section */
	};
	rootObject = FB1C31722AD9C6E200965B4B /* Project object */;
}
